// !$*UTF8*$!
{
	archiveVersion = 1;
	classes = {
	};
	objectVersion = 46;
	objects = {

/* Begin PBXBuildFile section */
		3549BB661DA38ADB00C63030 /* ViewConfigurator.framework in Frameworks */ = {isa = PBXBuildFile; fileRef = 3549BB211DA389CD00C63030 /* ViewConfigurator.framework */; };
		3549BB8B1DA38C0A00C63030 /* ConfiguratorSetSpec.swift in Sources */ = {isa = PBXBuildFile; fileRef = 3549BB8A1DA38C0A00C63030 /* ConfiguratorSetSpec.swift */; };
		35CA2AC61E12925700147290 /* Nimble.framework in Frameworks */ = {isa = PBXBuildFile; fileRef = 35CA2A971E12920400147290 /* Nimble.framework */; };
		35CA2AC71E12925700147290 /* Quick.framework in Frameworks */ = {isa = PBXBuildFile; fileRef = 35CA2AB31E12920400147290 /* Quick.framework */; };
		7A541B3D2024523300DC3B49 /* UITextViewSpecs.swift in Sources */ = {isa = PBXBuildFile; fileRef = 7A541B3C2024523300DC3B49 /* UITextViewSpecs.swift */; };
		7AB4AF8F206A46A400D93171 /* UINavigationBarItems+FunctionConfigurationSet.swift in Sources */ = {isa = PBXBuildFile; fileRef = 7AB4AF7A206A46A300D93171 /* UINavigationBarItems+FunctionConfigurationSet.swift */; };
		7AB4AF90206A46A400D93171 /* UIView+FunctionConfigurationSet.swift in Sources */ = {isa = PBXBuildFile; fileRef = 7AB4AF7B206A46A300D93171 /* UIView+FunctionConfigurationSet.swift */; };
		7AB4AF91206A46A400D93171 /* UIDatePicker+FunctionConfigurationSet.swift in Sources */ = {isa = PBXBuildFile; fileRef = 7AB4AF7C206A46A300D93171 /* UIDatePicker+FunctionConfigurationSet.swift */; };
		7AB4AF92206A46A400D93171 /* UICollectionView+FunctionConfigurationSet.swift in Sources */ = {isa = PBXBuildFile; fileRef = 7AB4AF7D206A46A300D93171 /* UICollectionView+FunctionConfigurationSet.swift */; };
		7AB4AF93206A46A400D93171 /* UISegementedControl+FunctionConfigurationSet.swift in Sources */ = {isa = PBXBuildFile; fileRef = 7AB4AF7E206A46A300D93171 /* UISegementedControl+FunctionConfigurationSet.swift */; };
		7AB4AF94206A46A400D93171 /* UIControl+FunctionConfigurationSet.swift in Sources */ = {isa = PBXBuildFile; fileRef = 7AB4AF7F206A46A300D93171 /* UIControl+FunctionConfigurationSet.swift */; };
		7AB4AF95206A46A400D93171 /* UIProgressView+FunctionConfigurationSet.swift in Sources */ = {isa = PBXBuildFile; fileRef = 7AB4AF80206A46A300D93171 /* UIProgressView+FunctionConfigurationSet.swift */; };
		7AB4AF96206A46A400D93171 /* UIStepper+FunctionConfigurationSet.swift in Sources */ = {isa = PBXBuildFile; fileRef = 7AB4AF81206A46A300D93171 /* UIStepper+FunctionConfigurationSet.swift */; };
		7AB4AF97206A46A400D93171 /* UISearchBar+FunctionConfigurationSet.swift in Sources */ = {isa = PBXBuildFile; fileRef = 7AB4AF82206A46A300D93171 /* UISearchBar+FunctionConfigurationSet.swift */; };
		7AB4AF98206A46A400D93171 /* UISwitch+FunctionConfigurationSet.swift in Sources */ = {isa = PBXBuildFile; fileRef = 7AB4AF83206A46A300D93171 /* UISwitch+FunctionConfigurationSet.swift */; };
		7AB4AF99206A46A400D93171 /* UIButton+FunctionConfigurationSet.swift in Sources */ = {isa = PBXBuildFile; fileRef = 7AB4AF84206A46A300D93171 /* UIButton+FunctionConfigurationSet.swift */; };
		7AB4AF9A206A46A400D93171 /* UISlider+FunctionConfigurationSet.swift in Sources */ = {isa = PBXBuildFile; fileRef = 7AB4AF85206A46A300D93171 /* UISlider+FunctionConfigurationSet.swift */; };
		7AB4AF9B206A46A400D93171 /* UICollectionReusableView+FunctionConfigurationSet.swift in Sources */ = {isa = PBXBuildFile; fileRef = 7AB4AF86206A46A300D93171 /* UICollectionReusableView+FunctionConfigurationSet.swift */; };
		7AB4AF9C206A46A400D93171 /* UIAlertView+FunctionConfigurationSet.swift in Sources */ = {isa = PBXBuildFile; fileRef = 7AB4AF87206A46A400D93171 /* UIAlertView+FunctionConfigurationSet.swift */; };
		7AB4AF9D206A46A400D93171 /* UIScrollView+FunctionConfigurationSet.swift in Sources */ = {isa = PBXBuildFile; fileRef = 7AB4AF88206A46A400D93171 /* UIScrollView+FunctionConfigurationSet.swift */; };
		7AB4AF9E206A46A400D93171 /* UIStackView+FunctionConfigurationSet.swift in Sources */ = {isa = PBXBuildFile; fileRef = 7AB4AF89206A46A400D93171 /* UIStackView+FunctionConfigurationSet.swift */; };
		7AB4AF9F206A46A400D93171 /* UITabBar+FunctionConfigurationSet.swift in Sources */ = {isa = PBXBuildFile; fileRef = 7AB4AF8A206A46A400D93171 /* UITabBar+FunctionConfigurationSet.swift */; };
		7AB4AFA0206A46A400D93171 /* UITableView+FunctionConfigurationSet.swift in Sources */ = {isa = PBXBuildFile; fileRef = 7AB4AF8B206A46A400D93171 /* UITableView+FunctionConfigurationSet.swift */; };
		7AB4AFA1206A46A400D93171 /* UIToolBar+FunctionConfigurationSet.swift in Sources */ = {isa = PBXBuildFile; fileRef = 7AB4AF8C206A46A400D93171 /* UIToolBar+FunctionConfigurationSet.swift */; };
		7AB4AFA2206A46A400D93171 /* UIActionSheet+FunctionConfigurationSet.swift in Sources */ = {isa = PBXBuildFile; fileRef = 7AB4AF8D206A46A400D93171 /* UIActionSheet+FunctionConfigurationSet.swift */; };
		7AB4AFCC206A471A00D93171 /* UIAlertView+PropertyConfigurationSet.swift in Sources */ = {isa = PBXBuildFile; fileRef = 7AB4AFA8206A471700D93171 /* UIAlertView+PropertyConfigurationSet.swift */; };
		7AB4AFCD206A471A00D93171 /* UICollectionReusableView+PropertyConfigurationSet.swift in Sources */ = {isa = PBXBuildFile; fileRef = 7AB4AFA9206A471700D93171 /* UICollectionReusableView+PropertyConfigurationSet.swift */; };
		7AB4AFCE206A471A00D93171 /* UIImageView+PropertyConfigurationSet.swift in Sources */ = {isa = PBXBuildFile; fileRef = 7AB4AFAA206A471700D93171 /* UIImageView+PropertyConfigurationSet.swift */; };
		7AB4AFCF206A471A00D93171 /* UIInputView+PropertyConfigurationSet.swift in Sources */ = {isa = PBXBuildFile; fileRef = 7AB4AFAB206A471700D93171 /* UIInputView+PropertyConfigurationSet.swift */; };
		7AB4AFD0206A471A00D93171 /* UIActivityIndicatorView+PropertyConfigurationSet.swift in Sources */ = {isa = PBXBuildFile; fileRef = 7AB4AFAC206A471700D93171 /* UIActivityIndicatorView+PropertyConfigurationSet.swift */; };
		7AB4AFD1206A471A00D93171 /* UIPopoverBackgroundView+PropertyConfigurationSet.swift in Sources */ = {isa = PBXBuildFile; fileRef = 7AB4AFAD206A471700D93171 /* UIPopoverBackgroundView+PropertyConfigurationSet.swift */; };
		7AB4AFD2206A471A00D93171 /* UIStackView+PropertyConfigurationSet.swift in Sources */ = {isa = PBXBuildFile; fileRef = 7AB4AFAE206A471700D93171 /* UIStackView+PropertyConfigurationSet.swift */; };
		7AB4AFD3206A471A00D93171 /* UICollectionViewCell+PropertyConfigurationSet.swift in Sources */ = {isa = PBXBuildFile; fileRef = 7AB4AFAF206A471700D93171 /* UICollectionViewCell+PropertyConfigurationSet.swift */; };
		7AB4AFD4206A471A00D93171 /* UIStepper+PropertyConfigurationSet.swift in Sources */ = {isa = PBXBuildFile; fileRef = 7AB4AFB0206A471700D93171 /* UIStepper+PropertyConfigurationSet.swift */; };
		7AB4AFD5206A471A00D93171 /* UISegmentedControl+PropertyConfigurationSet.swift in Sources */ = {isa = PBXBuildFile; fileRef = 7AB4AFB1206A471700D93171 /* UISegmentedControl+PropertyConfigurationSet.swift */; };
		7AB4AFD6206A471A00D93171 /* UITableView+PropertyConfigurationSet.swift in Sources */ = {isa = PBXBuildFile; fileRef = 7AB4AFB2206A471700D93171 /* UITableView+PropertyConfigurationSet.swift */; };
		7AB4AFD7206A471A00D93171 /* UITableViewCell+PropertyConfigurationSet.swift in Sources */ = {isa = PBXBuildFile; fileRef = 7AB4AFB3206A471700D93171 /* UITableViewCell+PropertyConfigurationSet.swift */; };
		7AB4AFD8206A471A00D93171 /* UITextField+PropertyConfigurationSet.swift in Sources */ = {isa = PBXBuildFile; fileRef = 7AB4AFB4206A471800D93171 /* UITextField+PropertyConfigurationSet.swift */; };
		7AB4AFD9206A471A00D93171 /* UIToolbar+PropertyConfigurationSet.swift in Sources */ = {isa = PBXBuildFile; fileRef = 7AB4AFB5206A471800D93171 /* UIToolbar+PropertyConfigurationSet.swift */; };
		7AB4AFDA206A471A00D93171 /* UIDatePicker+PropertyConfigurationSet.swift in Sources */ = {isa = PBXBuildFile; fileRef = 7AB4AFB6206A471800D93171 /* UIDatePicker+PropertyConfigurationSet.swift */; };
		7AB4AFDB206A471A00D93171 /* UIView+PropertyConfigurationSet.swift in Sources */ = {isa = PBXBuildFile; fileRef = 7AB4AFB7206A471800D93171 /* UIView+PropertyConfigurationSet.swift */; };
		7AB4AFDC206A471A00D93171 /* UIWindow+PropertyConfigurationSet.swift in Sources */ = {isa = PBXBuildFile; fileRef = 7AB4AFB8206A471800D93171 /* UIWindow+PropertyConfigurationSet.swift */; };
		7AB4AFDD206A471A00D93171 /* UISwitch+PropertyConfigurationSet.swift in Sources */ = {isa = PBXBuildFile; fileRef = 7AB4AFB9206A471800D93171 /* UISwitch+PropertyConfigurationSet.swift */; };
		7AB4AFDE206A471A00D93171 /* UISlider+PropertyConfigurationSet.swift in Sources */ = {isa = PBXBuildFile; fileRef = 7AB4AFBA206A471800D93171 /* UISlider+PropertyConfigurationSet.swift */; };
		7AB4AFDF206A471A00D93171 /* UITabBar+PropertyConfigurationSet.swift in Sources */ = {isa = PBXBuildFile; fileRef = 7AB4AFBB206A471800D93171 /* UITabBar+PropertyConfigurationSet.swift */; };
		7AB4AFE0206A471A00D93171 /* UIWebView+PropertyConfigurationSet.swift in Sources */ = {isa = PBXBuildFile; fileRef = 7AB4AFBC206A471800D93171 /* UIWebView+PropertyConfigurationSet.swift */; };
		7AB4AFE1206A471A00D93171 /* UITableViewHeaderFooterView+PropertyConfigurationSet.swift in Sources */ = {isa = PBXBuildFile; fileRef = 7AB4AFBD206A471800D93171 /* UITableViewHeaderFooterView+PropertyConfigurationSet.swift */; };
		7AB4AFE2206A471A00D93171 /* UIActionSheet+PropertyConfigurationSet.swift in Sources */ = {isa = PBXBuildFile; fileRef = 7AB4AFBE206A471800D93171 /* UIActionSheet+PropertyConfigurationSet.swift */; };
		7AB4AFE3206A471A00D93171 /* UIPageControl+PropertyConfigurationSet.swift in Sources */ = {isa = PBXBuildFile; fileRef = 7AB4AFBF206A471800D93171 /* UIPageControl+PropertyConfigurationSet.swift */; };
		7AB4AFE4206A471A00D93171 /* UIPickerView+PropertyConfigurationSet.swift in Sources */ = {isa = PBXBuildFile; fileRef = 7AB4AFC0206A471900D93171 /* UIPickerView+PropertyConfigurationSet.swift */; };
		7AB4AFE5206A471A00D93171 /* UIScrollView+PropertyConfigurationSet.swift in Sources */ = {isa = PBXBuildFile; fileRef = 7AB4AFC1206A471900D93171 /* UIScrollView+PropertyConfigurationSet.swift */; };
		7AB4AFE6206A471A00D93171 /* UISearchBar+PropertyConfigurationSet.swift in Sources */ = {isa = PBXBuildFile; fileRef = 7AB4AFC2206A471900D93171 /* UISearchBar+PropertyConfigurationSet.swift */; };
		7AB4AFE7206A471A00D93171 /* UILabel+PropertyConfigurationSet.swift in Sources */ = {isa = PBXBuildFile; fileRef = 7AB4AFC3206A471900D93171 /* UILabel+PropertyConfigurationSet.swift */; };
		7AB4AFE8206A471A00D93171 /* UINavigationBar+PropertyConfigurationSet.swift in Sources */ = {isa = PBXBuildFile; fileRef = 7AB4AFC4206A471900D93171 /* UINavigationBar+PropertyConfigurationSet.swift */; };
		7AB4AFE9206A471A00D93171 /* UIButton+PropertyConfigurationSet.swift in Sources */ = {isa = PBXBuildFile; fileRef = 7AB4AFC5206A471900D93171 /* UIButton+PropertyConfigurationSet.swift */; };
		7AB4AFEA206A471A00D93171 /* UITextView+PropertyConfigurationSet.swift in Sources */ = {isa = PBXBuildFile; fileRef = 7AB4AFC6206A471900D93171 /* UITextView+PropertyConfigurationSet.swift */; };
		7AB4AFEB206A471A00D93171 /* UIControl+PropertyConfigurationSetl.swift in Sources */ = {isa = PBXBuildFile; fileRef = 7AB4AFC7206A471900D93171 /* UIControl+PropertyConfigurationSetl.swift */; };
		7AB4AFEC206A471A00D93171 /* UIVisualEffectView+PropertyConfigurationSet.swift in Sources */ = {isa = PBXBuildFile; fileRef = 7AB4AFC8206A471900D93171 /* UIVisualEffectView+PropertyConfigurationSet.swift */; };
		7AB4AFED206A471A00D93171 /* UIRefreshControl+PropertyConfigurationSet.swift in Sources */ = {isa = PBXBuildFile; fileRef = 7AB4AFC9206A471900D93171 /* UIRefreshControl+PropertyConfigurationSet.swift */; };
		7AB4AFEE206A471A00D93171 /* UIProgressView+PropertyConfigurationSet.swift in Sources */ = {isa = PBXBuildFile; fileRef = 7AB4AFCA206A471900D93171 /* UIProgressView+PropertyConfigurationSet.swift */; };
		7AB4AFEF206A471A00D93171 /* UICollectionView+PropertyConfigurationSet.swift in Sources */ = {isa = PBXBuildFile; fileRef = 7AB4AFCB206A471A00D93171 /* UICollectionView+PropertyConfigurationSet.swift */; };
		7AB4AFF1206A47A900D93171 /* CALayer+ConfigurationSet.swift in Sources */ = {isa = PBXBuildFile; fileRef = 7AB4AFF0206A47A900D93171 /* CALayer+ConfigurationSet.swift */; };
		7AB4B00D206A493D00D93171 /* ViewConfigurator.h in Headers */ = {isa = PBXBuildFile; fileRef = 7AB4B008206A48D900D93171 /* ViewConfigurator.h */; settings = {ATTRIBUTES = (Public, ); }; };
		E409D8E71F2BB3F0004964AE /* Configurator.swift in Sources */ = {isa = PBXBuildFile; fileRef = E409D8E61F2BB3F0004964AE /* Configurator.swift */; };
		E43951751F2C7DFB00543B34 /* UIViewSpec.swift in Sources */ = {isa = PBXBuildFile; fileRef = E43951661F2C7C9800543B34 /* UIViewSpec.swift */; };
		E45621481F5718E000FBD730 /* UIButtonSpecs.swift in Sources */ = {isa = PBXBuildFile; fileRef = E45621471F5718E000FBD730 /* UIButtonSpecs.swift */; };
		E4A317A71F56FA8300649294 /* UIControlSpecs.swift in Sources */ = {isa = PBXBuildFile; fileRef = E4A317A51F56FA1600649294 /* UIControlSpecs.swift */; };
		E4EA60311F69868A00A2BF3A /* UIImageViewSpecs.swift in Sources */ = {isa = PBXBuildFile; fileRef = E4EA60301F69868A00A2BF3A /* UIImageViewSpecs.swift */; };
		E4EC0D821F56C2FD0053621D /* UILabelSpecs.swift in Sources */ = {isa = PBXBuildFile; fileRef = E4EC0D811F56C2FD0053621D /* UILabelSpecs.swift */; };
		E4FEB6601F2CA00700EE6D8C /* LayerContainingSpecs.swift in Sources */ = {isa = PBXBuildFile; fileRef = E4FEB65F1F2CA00700EE6D8C /* LayerContainingSpecs.swift */; };
/* End PBXBuildFile section */

/* Begin PBXContainerItemProxy section */
		3549BB671DA38ADB00C63030 /* PBXContainerItemProxy */ = {
			isa = PBXContainerItemProxy;
			containerPortal = 3549BAFC1DA387DB00C63030 /* Project object */;
			proxyType = 1;
			remoteGlobalIDString = 3549BB201DA389CD00C63030;
			remoteInfo = "ViewConfigurator-iOS";
		};
		35CA2A921E12920400147290 /* PBXContainerItemProxy */ = {
			isa = PBXContainerItemProxy;
			containerPortal = 35CA2A891E12920400147290 /* Nimble.xcodeproj */;
			proxyType = 2;
			remoteGlobalIDString = 1F925EAD195C0D6300ED456B;
			remoteInfo = "Nimble-macOS";
		};
		35CA2A941E12920400147290 /* PBXContainerItemProxy */ = {
			isa = PBXContainerItemProxy;
			containerPortal = 35CA2A891E12920400147290 /* Nimble.xcodeproj */;
			proxyType = 2;
			remoteGlobalIDString = 1F925EB7195C0D6300ED456B;
			remoteInfo = "Nimble-macOSTests";
		};
		35CA2A961E12920400147290 /* PBXContainerItemProxy */ = {
			isa = PBXContainerItemProxy;
			containerPortal = 35CA2A891E12920400147290 /* Nimble.xcodeproj */;
			proxyType = 2;
			remoteGlobalIDString = 1F1A74291940169200FFFC47;
			remoteInfo = "Nimble-iOS";
		};
		35CA2A981E12920400147290 /* PBXContainerItemProxy */ = {
			isa = PBXContainerItemProxy;
			containerPortal = 35CA2A891E12920400147290 /* Nimble.xcodeproj */;
			proxyType = 2;
			remoteGlobalIDString = 1F1A74341940169200FFFC47;
			remoteInfo = "Nimble-iOSTests";
		};
		35CA2A9A1E12920400147290 /* PBXContainerItemProxy */ = {
			isa = PBXContainerItemProxy;
			containerPortal = 35CA2A891E12920400147290 /* Nimble.xcodeproj */;
			proxyType = 2;
			remoteGlobalIDString = 1F5DF1551BDCA0CE00C3A531;
			remoteInfo = "Nimble-tvOS";
		};
		35CA2A9C1E12920400147290 /* PBXContainerItemProxy */ = {
			isa = PBXContainerItemProxy;
			containerPortal = 35CA2A891E12920400147290 /* Nimble.xcodeproj */;
			proxyType = 2;
			remoteGlobalIDString = 1F5DF15E1BDCA0CE00C3A531;
			remoteInfo = "Nimble-tvOSTests";
		};
		35CA2AAA1E12920400147290 /* PBXContainerItemProxy */ = {
			isa = PBXContainerItemProxy;
			containerPortal = 35CA2A861E12920400147290 /* Quick.xcodeproj */;
			proxyType = 2;
			remoteGlobalIDString = DAEB6B8E1943873100289F44;
			remoteInfo = "Quick-macOS";
		};
		35CA2AAC1E12920400147290 /* PBXContainerItemProxy */ = {
			isa = PBXContainerItemProxy;
			containerPortal = 35CA2A861E12920400147290 /* Quick.xcodeproj */;
			proxyType = 2;
			remoteGlobalIDString = DAEB6B991943873100289F44;
			remoteInfo = "Quick-macOSTests";
		};
		35CA2AAE1E12920400147290 /* PBXContainerItemProxy */ = {
			isa = PBXContainerItemProxy;
			containerPortal = 35CA2A861E12920400147290 /* Quick.xcodeproj */;
			proxyType = 2;
			remoteGlobalIDString = DA5663E81A4C8D8500193C88;
			remoteInfo = "QuickFocused-macOSTests";
		};
		35CA2AB01E12920400147290 /* PBXContainerItemProxy */ = {
			isa = PBXContainerItemProxy;
			containerPortal = 35CA2A861E12920400147290 /* Quick.xcodeproj */;
			proxyType = 2;
			remoteGlobalIDString = 64076CF51D6D7C2000E2B499;
			remoteInfo = "QuickAfterSuite-macOSTests";
		};
		35CA2AB21E12920400147290 /* PBXContainerItemProxy */ = {
			isa = PBXContainerItemProxy;
			containerPortal = 35CA2A861E12920400147290 /* Quick.xcodeproj */;
			proxyType = 2;
			remoteGlobalIDString = 5A5D117C19473F2100F6D13D;
			remoteInfo = "Quick-iOS";
		};
		35CA2AB41E12920400147290 /* PBXContainerItemProxy */ = {
			isa = PBXContainerItemProxy;
			containerPortal = 35CA2A861E12920400147290 /* Quick.xcodeproj */;
			proxyType = 2;
			remoteGlobalIDString = 5A5D118619473F2100F6D13D;
			remoteInfo = "Quick-iOSTests";
		};
		35CA2AB61E12920400147290 /* PBXContainerItemProxy */ = {
			isa = PBXContainerItemProxy;
			containerPortal = 35CA2A861E12920400147290 /* Quick.xcodeproj */;
			proxyType = 2;
			remoteGlobalIDString = DA9876B21A4C70EB0004AA17;
			remoteInfo = "QuickFocused-iOSTests";
		};
		35CA2AB81E12920400147290 /* PBXContainerItemProxy */ = {
			isa = PBXContainerItemProxy;
			containerPortal = 35CA2A861E12920400147290 /* Quick.xcodeproj */;
			proxyType = 2;
			remoteGlobalIDString = 64076D081D6D7CD600E2B499;
			remoteInfo = "QuickAfterSuite-iOSTests";
		};
		35CA2ABA1E12920400147290 /* PBXContainerItemProxy */ = {
			isa = PBXContainerItemProxy;
			containerPortal = 35CA2A861E12920400147290 /* Quick.xcodeproj */;
			proxyType = 2;
			remoteGlobalIDString = 1F118CD51BDCA4AB005013A2;
			remoteInfo = "Quick-tvOS";
		};
		35CA2ABC1E12920400147290 /* PBXContainerItemProxy */ = {
			isa = PBXContainerItemProxy;
			containerPortal = 35CA2A861E12920400147290 /* Quick.xcodeproj */;
			proxyType = 2;
			remoteGlobalIDString = 1F118CDE1BDCA4AB005013A2;
			remoteInfo = "Quick-tvOSTests";
		};
		35CA2ABE1E12920400147290 /* PBXContainerItemProxy */ = {
			isa = PBXContainerItemProxy;
			containerPortal = 35CA2A861E12920400147290 /* Quick.xcodeproj */;
			proxyType = 2;
			remoteGlobalIDString = 1F118CF01BDCA4BB005013A2;
			remoteInfo = "QuickFocused-tvOSTests";
		};
		35CA2AC01E12920400147290 /* PBXContainerItemProxy */ = {
			isa = PBXContainerItemProxy;
			containerPortal = 35CA2A861E12920400147290 /* Quick.xcodeproj */;
			proxyType = 2;
			remoteGlobalIDString = 64076D1A1D6D7CEA00E2B499;
			remoteInfo = "QuickAfterSuite-tvOSTests";
		};
		35CA2AC21E12922F00147290 /* PBXContainerItemProxy */ = {
			isa = PBXContainerItemProxy;
			containerPortal = 35CA2A861E12920400147290 /* Quick.xcodeproj */;
			proxyType = 1;
			remoteGlobalIDString = 5A5D117B19473F2100F6D13D;
			remoteInfo = "Quick-iOS";
		};
		35CA2AC41E12922F00147290 /* PBXContainerItemProxy */ = {
			isa = PBXContainerItemProxy;
			containerPortal = 35CA2A891E12920400147290 /* Nimble.xcodeproj */;
			proxyType = 1;
			remoteGlobalIDString = 1F1A74281940169200FFFC47;
			remoteInfo = "Nimble-iOS";
		};
/* End PBXContainerItemProxy section */

/* Begin PBXFileReference section */
		3549BB211DA389CD00C63030 /* ViewConfigurator.framework */ = {isa = PBXFileReference; explicitFileType = wrapper.framework; includeInIndex = 0; path = ViewConfigurator.framework; sourceTree = BUILT_PRODUCTS_DIR; };
		3549BB571DA38A8800C63030 /* Info-tvOS.plist */ = {isa = PBXFileReference; fileEncoding = 4; lastKnownFileType = text.plist.xml; path = "Info-tvOS.plist"; sourceTree = "<group>"; };
		3549BB581DA38A8800C63030 /* Info.plist */ = {isa = PBXFileReference; fileEncoding = 4; lastKnownFileType = text.plist.xml; path = Info.plist; sourceTree = "<group>"; };
		3549BB611DA38ADB00C63030 /* ViewConfiguratorTests-iOS.xctest */ = {isa = PBXFileReference; explicitFileType = wrapper.cfbundle; includeInIndex = 0; path = "ViewConfiguratorTests-iOS.xctest"; sourceTree = BUILT_PRODUCTS_DIR; };
		3549BB8A1DA38C0A00C63030 /* ConfiguratorSetSpec.swift */ = {isa = PBXFileReference; fileEncoding = 4; lastKnownFileType = sourcecode.swift; path = ConfiguratorSetSpec.swift; sourceTree = "<group>"; };
		35CA2A861E12920400147290 /* Quick.xcodeproj */ = {isa = PBXFileReference; lastKnownFileType = "wrapper.pb-project"; name = Quick.xcodeproj; path = Carthage/Checkouts/Quick/Quick.xcodeproj; sourceTree = "<group>"; };
		35CA2A891E12920400147290 /* Nimble.xcodeproj */ = {isa = PBXFileReference; lastKnownFileType = "wrapper.pb-project"; name = Nimble.xcodeproj; path = Carthage/Checkouts/Nimble/Nimble.xcodeproj; sourceTree = "<group>"; };
		35CD64E81E60192300AF060B /* Common.xcconfig */ = {isa = PBXFileReference; lastKnownFileType = text.xcconfig; path = Common.xcconfig; sourceTree = "<group>"; };
		35CD64EA1E60192300AF060B /* Debug.xcconfig */ = {isa = PBXFileReference; lastKnownFileType = text.xcconfig; path = Debug.xcconfig; sourceTree = "<group>"; };
		35CD64EB1E60192300AF060B /* Profile.xcconfig */ = {isa = PBXFileReference; lastKnownFileType = text.xcconfig; path = Profile.xcconfig; sourceTree = "<group>"; };
		35CD64EC1E60192300AF060B /* Release.xcconfig */ = {isa = PBXFileReference; lastKnownFileType = text.xcconfig; path = Release.xcconfig; sourceTree = "<group>"; };
		35CD64ED1E60192300AF060B /* Test.xcconfig */ = {isa = PBXFileReference; lastKnownFileType = text.xcconfig; path = Test.xcconfig; sourceTree = "<group>"; };
		35CD64EF1E60192300AF060B /* Application.xcconfig */ = {isa = PBXFileReference; lastKnownFileType = text.xcconfig; path = Application.xcconfig; sourceTree = "<group>"; };
		35CD64F01E60192300AF060B /* Framework.xcconfig */ = {isa = PBXFileReference; lastKnownFileType = text.xcconfig; path = Framework.xcconfig; sourceTree = "<group>"; };
		35CD64F11E60192300AF060B /* StaticLibrary.xcconfig */ = {isa = PBXFileReference; lastKnownFileType = text.xcconfig; path = StaticLibrary.xcconfig; sourceTree = "<group>"; };
		35CD65041E60192300AF060B /* iOS-Application.xcconfig */ = {isa = PBXFileReference; lastKnownFileType = text.xcconfig; path = "iOS-Application.xcconfig"; sourceTree = "<group>"; };
		35CD65051E60192300AF060B /* iOS-Base.xcconfig */ = {isa = PBXFileReference; lastKnownFileType = text.xcconfig; path = "iOS-Base.xcconfig"; sourceTree = "<group>"; };
		35CD65061E60192300AF060B /* iOS-Framework.xcconfig */ = {isa = PBXFileReference; lastKnownFileType = text.xcconfig; path = "iOS-Framework.xcconfig"; sourceTree = "<group>"; };
		35CD65071E60192300AF060B /* iOS-StaticLibrary.xcconfig */ = {isa = PBXFileReference; lastKnownFileType = text.xcconfig; path = "iOS-StaticLibrary.xcconfig"; sourceTree = "<group>"; };
		35CD65091E60192300AF060B /* Mac-Application.xcconfig */ = {isa = PBXFileReference; lastKnownFileType = text.xcconfig; path = "Mac-Application.xcconfig"; sourceTree = "<group>"; };
		35CD650A1E60192300AF060B /* Mac-Base.xcconfig */ = {isa = PBXFileReference; lastKnownFileType = text.xcconfig; path = "Mac-Base.xcconfig"; sourceTree = "<group>"; };
		35CD650B1E60192300AF060B /* Mac-DynamicLibrary.xcconfig */ = {isa = PBXFileReference; lastKnownFileType = text.xcconfig; path = "Mac-DynamicLibrary.xcconfig"; sourceTree = "<group>"; };
		35CD650C1E60192300AF060B /* Mac-Framework.xcconfig */ = {isa = PBXFileReference; lastKnownFileType = text.xcconfig; path = "Mac-Framework.xcconfig"; sourceTree = "<group>"; };
		35CD650D1E60192300AF060B /* Mac-StaticLibrary.xcconfig */ = {isa = PBXFileReference; lastKnownFileType = text.xcconfig; path = "Mac-StaticLibrary.xcconfig"; sourceTree = "<group>"; };
		35CD65101E60192300AF060B /* tvOS-Application.xcconfig */ = {isa = PBXFileReference; lastKnownFileType = text.xcconfig; path = "tvOS-Application.xcconfig"; sourceTree = "<group>"; };
		35CD65111E60192300AF060B /* tvOS-Base.xcconfig */ = {isa = PBXFileReference; lastKnownFileType = text.xcconfig; path = "tvOS-Base.xcconfig"; sourceTree = "<group>"; };
		35CD65121E60192300AF060B /* tvOS-Framework.xcconfig */ = {isa = PBXFileReference; lastKnownFileType = text.xcconfig; path = "tvOS-Framework.xcconfig"; sourceTree = "<group>"; };
		35CD65131E60192300AF060B /* tvOS-StaticLibrary.xcconfig */ = {isa = PBXFileReference; lastKnownFileType = text.xcconfig; path = "tvOS-StaticLibrary.xcconfig"; sourceTree = "<group>"; };
		35CD65151E60192300AF060B /* watchOS-Application.xcconfig */ = {isa = PBXFileReference; lastKnownFileType = text.xcconfig; path = "watchOS-Application.xcconfig"; sourceTree = "<group>"; };
		35CD65161E60192300AF060B /* watchOS-Base.xcconfig */ = {isa = PBXFileReference; lastKnownFileType = text.xcconfig; path = "watchOS-Base.xcconfig"; sourceTree = "<group>"; };
		35CD65171E60192300AF060B /* watchOS-Framework.xcconfig */ = {isa = PBXFileReference; lastKnownFileType = text.xcconfig; path = "watchOS-Framework.xcconfig"; sourceTree = "<group>"; };
		35CD65181E60192300AF060B /* watchOS-StaticLibrary.xcconfig */ = {isa = PBXFileReference; lastKnownFileType = text.xcconfig; path = "watchOS-StaticLibrary.xcconfig"; sourceTree = "<group>"; };
		7A541B3C2024523300DC3B49 /* UITextViewSpecs.swift */ = {isa = PBXFileReference; fileEncoding = 4; lastKnownFileType = sourcecode.swift; path = UITextViewSpecs.swift; sourceTree = "<group>"; };
		7AB4AF7A206A46A300D93171 /* UINavigationBarItems+FunctionConfigurationSet.swift */ = {isa = PBXFileReference; fileEncoding = 4; lastKnownFileType = sourcecode.swift; name = "UINavigationBarItems+FunctionConfigurationSet.swift"; path = "UIKitExtensions/UINavigationBarItems+FunctionConfigurationSet.swift"; sourceTree = "<group>"; };
		7AB4AF7B206A46A300D93171 /* UIView+FunctionConfigurationSet.swift */ = {isa = PBXFileReference; fileEncoding = 4; lastKnownFileType = sourcecode.swift; name = "UIView+FunctionConfigurationSet.swift"; path = "UIKitExtensions/UIView+FunctionConfigurationSet.swift"; sourceTree = "<group>"; };
		7AB4AF7C206A46A300D93171 /* UIDatePicker+FunctionConfigurationSet.swift */ = {isa = PBXFileReference; fileEncoding = 4; lastKnownFileType = sourcecode.swift; name = "UIDatePicker+FunctionConfigurationSet.swift"; path = "UIKitExtensions/UIDatePicker+FunctionConfigurationSet.swift"; sourceTree = "<group>"; };
		7AB4AF7D206A46A300D93171 /* UICollectionView+FunctionConfigurationSet.swift */ = {isa = PBXFileReference; fileEncoding = 4; lastKnownFileType = sourcecode.swift; name = "UICollectionView+FunctionConfigurationSet.swift"; path = "UIKitExtensions/UICollectionView+FunctionConfigurationSet.swift"; sourceTree = "<group>"; };
		7AB4AF7E206A46A300D93171 /* UISegementedControl+FunctionConfigurationSet.swift */ = {isa = PBXFileReference; fileEncoding = 4; lastKnownFileType = sourcecode.swift; name = "UISegementedControl+FunctionConfigurationSet.swift"; path = "UIKitExtensions/UISegementedControl+FunctionConfigurationSet.swift"; sourceTree = "<group>"; };
		7AB4AF7F206A46A300D93171 /* UIControl+FunctionConfigurationSet.swift */ = {isa = PBXFileReference; fileEncoding = 4; lastKnownFileType = sourcecode.swift; name = "UIControl+FunctionConfigurationSet.swift"; path = "UIKitExtensions/UIControl+FunctionConfigurationSet.swift"; sourceTree = "<group>"; };
		7AB4AF80206A46A300D93171 /* UIProgressView+FunctionConfigurationSet.swift */ = {isa = PBXFileReference; fileEncoding = 4; lastKnownFileType = sourcecode.swift; name = "UIProgressView+FunctionConfigurationSet.swift"; path = "UIKitExtensions/UIProgressView+FunctionConfigurationSet.swift"; sourceTree = "<group>"; };
		7AB4AF81206A46A300D93171 /* UIStepper+FunctionConfigurationSet.swift */ = {isa = PBXFileReference; fileEncoding = 4; lastKnownFileType = sourcecode.swift; name = "UIStepper+FunctionConfigurationSet.swift"; path = "UIKitExtensions/UIStepper+FunctionConfigurationSet.swift"; sourceTree = "<group>"; };
		7AB4AF82206A46A300D93171 /* UISearchBar+FunctionConfigurationSet.swift */ = {isa = PBXFileReference; fileEncoding = 4; lastKnownFileType = sourcecode.swift; name = "UISearchBar+FunctionConfigurationSet.swift"; path = "UIKitExtensions/UISearchBar+FunctionConfigurationSet.swift"; sourceTree = "<group>"; };
		7AB4AF83206A46A300D93171 /* UISwitch+FunctionConfigurationSet.swift */ = {isa = PBXFileReference; fileEncoding = 4; lastKnownFileType = sourcecode.swift; name = "UISwitch+FunctionConfigurationSet.swift"; path = "UIKitExtensions/UISwitch+FunctionConfigurationSet.swift"; sourceTree = "<group>"; };
		7AB4AF84206A46A300D93171 /* UIButton+FunctionConfigurationSet.swift */ = {isa = PBXFileReference; fileEncoding = 4; lastKnownFileType = sourcecode.swift; name = "UIButton+FunctionConfigurationSet.swift"; path = "UIKitExtensions/UIButton+FunctionConfigurationSet.swift"; sourceTree = "<group>"; };
		7AB4AF85206A46A300D93171 /* UISlider+FunctionConfigurationSet.swift */ = {isa = PBXFileReference; fileEncoding = 4; lastKnownFileType = sourcecode.swift; name = "UISlider+FunctionConfigurationSet.swift"; path = "UIKitExtensions/UISlider+FunctionConfigurationSet.swift"; sourceTree = "<group>"; };
		7AB4AF86206A46A300D93171 /* UICollectionReusableView+FunctionConfigurationSet.swift */ = {isa = PBXFileReference; fileEncoding = 4; lastKnownFileType = sourcecode.swift; name = "UICollectionReusableView+FunctionConfigurationSet.swift"; path = "UIKitExtensions/UICollectionReusableView+FunctionConfigurationSet.swift"; sourceTree = "<group>"; };
		7AB4AF87206A46A400D93171 /* UIAlertView+FunctionConfigurationSet.swift */ = {isa = PBXFileReference; fileEncoding = 4; lastKnownFileType = sourcecode.swift; name = "UIAlertView+FunctionConfigurationSet.swift"; path = "UIKitExtensions/UIAlertView+FunctionConfigurationSet.swift"; sourceTree = "<group>"; };
		7AB4AF88206A46A400D93171 /* UIScrollView+FunctionConfigurationSet.swift */ = {isa = PBXFileReference; fileEncoding = 4; lastKnownFileType = sourcecode.swift; name = "UIScrollView+FunctionConfigurationSet.swift"; path = "UIKitExtensions/UIScrollView+FunctionConfigurationSet.swift"; sourceTree = "<group>"; };
		7AB4AF89206A46A400D93171 /* UIStackView+FunctionConfigurationSet.swift */ = {isa = PBXFileReference; fileEncoding = 4; lastKnownFileType = sourcecode.swift; name = "UIStackView+FunctionConfigurationSet.swift"; path = "UIKitExtensions/UIStackView+FunctionConfigurationSet.swift"; sourceTree = "<group>"; };
		7AB4AF8A206A46A400D93171 /* UITabBar+FunctionConfigurationSet.swift */ = {isa = PBXFileReference; fileEncoding = 4; lastKnownFileType = sourcecode.swift; name = "UITabBar+FunctionConfigurationSet.swift"; path = "UIKitExtensions/UITabBar+FunctionConfigurationSet.swift"; sourceTree = "<group>"; };
		7AB4AF8B206A46A400D93171 /* UITableView+FunctionConfigurationSet.swift */ = {isa = PBXFileReference; fileEncoding = 4; lastKnownFileType = sourcecode.swift; name = "UITableView+FunctionConfigurationSet.swift"; path = "UIKitExtensions/UITableView+FunctionConfigurationSet.swift"; sourceTree = "<group>"; };
		7AB4AF8C206A46A400D93171 /* UIToolBar+FunctionConfigurationSet.swift */ = {isa = PBXFileReference; fileEncoding = 4; lastKnownFileType = sourcecode.swift; name = "UIToolBar+FunctionConfigurationSet.swift"; path = "UIKitExtensions/UIToolBar+FunctionConfigurationSet.swift"; sourceTree = "<group>"; };
		7AB4AF8D206A46A400D93171 /* UIActionSheet+FunctionConfigurationSet.swift */ = {isa = PBXFileReference; fileEncoding = 4; lastKnownFileType = sourcecode.swift; name = "UIActionSheet+FunctionConfigurationSet.swift"; path = "UIKitExtensions/UIActionSheet+FunctionConfigurationSet.swift"; sourceTree = "<group>"; };
		7AB4AFA8206A471700D93171 /* UIAlertView+PropertyConfigurationSet.swift */ = {isa = PBXFileReference; fileEncoding = 4; lastKnownFileType = sourcecode.swift; name = "UIAlertView+PropertyConfigurationSet.swift"; path = "UIKitExtensionsSorceryGeneration/UIAlertView+PropertyConfigurationSet.swift"; sourceTree = "<group>"; };
		7AB4AFA9206A471700D93171 /* UICollectionReusableView+PropertyConfigurationSet.swift */ = {isa = PBXFileReference; fileEncoding = 4; lastKnownFileType = sourcecode.swift; name = "UICollectionReusableView+PropertyConfigurationSet.swift"; path = "UIKitExtensionsSorceryGeneration/UICollectionReusableView+PropertyConfigurationSet.swift"; sourceTree = "<group>"; };
		7AB4AFAA206A471700D93171 /* UIImageView+PropertyConfigurationSet.swift */ = {isa = PBXFileReference; fileEncoding = 4; lastKnownFileType = sourcecode.swift; name = "UIImageView+PropertyConfigurationSet.swift"; path = "UIKitExtensionsSorceryGeneration/UIImageView+PropertyConfigurationSet.swift"; sourceTree = "<group>"; };
		7AB4AFAB206A471700D93171 /* UIInputView+PropertyConfigurationSet.swift */ = {isa = PBXFileReference; fileEncoding = 4; lastKnownFileType = sourcecode.swift; name = "UIInputView+PropertyConfigurationSet.swift"; path = "UIKitExtensionsSorceryGeneration/UIInputView+PropertyConfigurationSet.swift"; sourceTree = "<group>"; };
		7AB4AFAC206A471700D93171 /* UIActivityIndicatorView+PropertyConfigurationSet.swift */ = {isa = PBXFileReference; fileEncoding = 4; lastKnownFileType = sourcecode.swift; name = "UIActivityIndicatorView+PropertyConfigurationSet.swift"; path = "UIKitExtensionsSorceryGeneration/UIActivityIndicatorView+PropertyConfigurationSet.swift"; sourceTree = "<group>"; };
		7AB4AFAD206A471700D93171 /* UIPopoverBackgroundView+PropertyConfigurationSet.swift */ = {isa = PBXFileReference; fileEncoding = 4; lastKnownFileType = sourcecode.swift; name = "UIPopoverBackgroundView+PropertyConfigurationSet.swift"; path = "UIKitExtensionsSorceryGeneration/UIPopoverBackgroundView+PropertyConfigurationSet.swift"; sourceTree = "<group>"; };
		7AB4AFAE206A471700D93171 /* UIStackView+PropertyConfigurationSet.swift */ = {isa = PBXFileReference; fileEncoding = 4; lastKnownFileType = sourcecode.swift; name = "UIStackView+PropertyConfigurationSet.swift"; path = "UIKitExtensionsSorceryGeneration/UIStackView+PropertyConfigurationSet.swift"; sourceTree = "<group>"; };
		7AB4AFAF206A471700D93171 /* UICollectionViewCell+PropertyConfigurationSet.swift */ = {isa = PBXFileReference; fileEncoding = 4; lastKnownFileType = sourcecode.swift; name = "UICollectionViewCell+PropertyConfigurationSet.swift"; path = "UIKitExtensionsSorceryGeneration/UICollectionViewCell+PropertyConfigurationSet.swift"; sourceTree = "<group>"; };
		7AB4AFB0206A471700D93171 /* UIStepper+PropertyConfigurationSet.swift */ = {isa = PBXFileReference; fileEncoding = 4; lastKnownFileType = sourcecode.swift; name = "UIStepper+PropertyConfigurationSet.swift"; path = "UIKitExtensionsSorceryGeneration/UIStepper+PropertyConfigurationSet.swift"; sourceTree = "<group>"; };
		7AB4AFB1206A471700D93171 /* UISegmentedControl+PropertyConfigurationSet.swift */ = {isa = PBXFileReference; fileEncoding = 4; lastKnownFileType = sourcecode.swift; name = "UISegmentedControl+PropertyConfigurationSet.swift"; path = "UIKitExtensionsSorceryGeneration/UISegmentedControl+PropertyConfigurationSet.swift"; sourceTree = "<group>"; };
		7AB4AFB2206A471700D93171 /* UITableView+PropertyConfigurationSet.swift */ = {isa = PBXFileReference; fileEncoding = 4; lastKnownFileType = sourcecode.swift; name = "UITableView+PropertyConfigurationSet.swift"; path = "UIKitExtensionsSorceryGeneration/UITableView+PropertyConfigurationSet.swift"; sourceTree = "<group>"; };
		7AB4AFB3206A471700D93171 /* UITableViewCell+PropertyConfigurationSet.swift */ = {isa = PBXFileReference; fileEncoding = 4; lastKnownFileType = sourcecode.swift; name = "UITableViewCell+PropertyConfigurationSet.swift"; path = "UIKitExtensionsSorceryGeneration/UITableViewCell+PropertyConfigurationSet.swift"; sourceTree = "<group>"; };
		7AB4AFB4206A471800D93171 /* UITextField+PropertyConfigurationSet.swift */ = {isa = PBXFileReference; fileEncoding = 4; lastKnownFileType = sourcecode.swift; name = "UITextField+PropertyConfigurationSet.swift"; path = "UIKitExtensionsSorceryGeneration/UITextField+PropertyConfigurationSet.swift"; sourceTree = "<group>"; };
		7AB4AFB5206A471800D93171 /* UIToolbar+PropertyConfigurationSet.swift */ = {isa = PBXFileReference; fileEncoding = 4; lastKnownFileType = sourcecode.swift; name = "UIToolbar+PropertyConfigurationSet.swift"; path = "UIKitExtensionsSorceryGeneration/UIToolbar+PropertyConfigurationSet.swift"; sourceTree = "<group>"; };
		7AB4AFB6206A471800D93171 /* UIDatePicker+PropertyConfigurationSet.swift */ = {isa = PBXFileReference; fileEncoding = 4; lastKnownFileType = sourcecode.swift; name = "UIDatePicker+PropertyConfigurationSet.swift"; path = "UIKitExtensionsSorceryGeneration/UIDatePicker+PropertyConfigurationSet.swift"; sourceTree = "<group>"; };
		7AB4AFB7206A471800D93171 /* UIView+PropertyConfigurationSet.swift */ = {isa = PBXFileReference; fileEncoding = 4; lastKnownFileType = sourcecode.swift; name = "UIView+PropertyConfigurationSet.swift"; path = "UIKitExtensionsSorceryGeneration/UIView+PropertyConfigurationSet.swift"; sourceTree = "<group>"; };
		7AB4AFB8206A471800D93171 /* UIWindow+PropertyConfigurationSet.swift */ = {isa = PBXFileReference; fileEncoding = 4; lastKnownFileType = sourcecode.swift; name = "UIWindow+PropertyConfigurationSet.swift"; path = "UIKitExtensionsSorceryGeneration/UIWindow+PropertyConfigurationSet.swift"; sourceTree = "<group>"; };
		7AB4AFB9206A471800D93171 /* UISwitch+PropertyConfigurationSet.swift */ = {isa = PBXFileReference; fileEncoding = 4; lastKnownFileType = sourcecode.swift; name = "UISwitch+PropertyConfigurationSet.swift"; path = "UIKitExtensionsSorceryGeneration/UISwitch+PropertyConfigurationSet.swift"; sourceTree = "<group>"; };
		7AB4AFBA206A471800D93171 /* UISlider+PropertyConfigurationSet.swift */ = {isa = PBXFileReference; fileEncoding = 4; lastKnownFileType = sourcecode.swift; name = "UISlider+PropertyConfigurationSet.swift"; path = "UIKitExtensionsSorceryGeneration/UISlider+PropertyConfigurationSet.swift"; sourceTree = "<group>"; };
		7AB4AFBB206A471800D93171 /* UITabBar+PropertyConfigurationSet.swift */ = {isa = PBXFileReference; fileEncoding = 4; lastKnownFileType = sourcecode.swift; name = "UITabBar+PropertyConfigurationSet.swift"; path = "UIKitExtensionsSorceryGeneration/UITabBar+PropertyConfigurationSet.swift"; sourceTree = "<group>"; };
		7AB4AFBC206A471800D93171 /* UIWebView+PropertyConfigurationSet.swift */ = {isa = PBXFileReference; fileEncoding = 4; lastKnownFileType = sourcecode.swift; name = "UIWebView+PropertyConfigurationSet.swift"; path = "UIKitExtensionsSorceryGeneration/UIWebView+PropertyConfigurationSet.swift"; sourceTree = "<group>"; };
		7AB4AFBD206A471800D93171 /* UITableViewHeaderFooterView+PropertyConfigurationSet.swift */ = {isa = PBXFileReference; fileEncoding = 4; lastKnownFileType = sourcecode.swift; name = "UITableViewHeaderFooterView+PropertyConfigurationSet.swift"; path = "UIKitExtensionsSorceryGeneration/UITableViewHeaderFooterView+PropertyConfigurationSet.swift"; sourceTree = "<group>"; };
		7AB4AFBE206A471800D93171 /* UIActionSheet+PropertyConfigurationSet.swift */ = {isa = PBXFileReference; fileEncoding = 4; lastKnownFileType = sourcecode.swift; name = "UIActionSheet+PropertyConfigurationSet.swift"; path = "UIKitExtensionsSorceryGeneration/UIActionSheet+PropertyConfigurationSet.swift"; sourceTree = "<group>"; };
		7AB4AFBF206A471800D93171 /* UIPageControl+PropertyConfigurationSet.swift */ = {isa = PBXFileReference; fileEncoding = 4; lastKnownFileType = sourcecode.swift; name = "UIPageControl+PropertyConfigurationSet.swift"; path = "UIKitExtensionsSorceryGeneration/UIPageControl+PropertyConfigurationSet.swift"; sourceTree = "<group>"; };
		7AB4AFC0206A471900D93171 /* UIPickerView+PropertyConfigurationSet.swift */ = {isa = PBXFileReference; fileEncoding = 4; lastKnownFileType = sourcecode.swift; name = "UIPickerView+PropertyConfigurationSet.swift"; path = "UIKitExtensionsSorceryGeneration/UIPickerView+PropertyConfigurationSet.swift"; sourceTree = "<group>"; };
		7AB4AFC1206A471900D93171 /* UIScrollView+PropertyConfigurationSet.swift */ = {isa = PBXFileReference; fileEncoding = 4; lastKnownFileType = sourcecode.swift; name = "UIScrollView+PropertyConfigurationSet.swift"; path = "UIKitExtensionsSorceryGeneration/UIScrollView+PropertyConfigurationSet.swift"; sourceTree = "<group>"; };
		7AB4AFC2206A471900D93171 /* UISearchBar+PropertyConfigurationSet.swift */ = {isa = PBXFileReference; fileEncoding = 4; lastKnownFileType = sourcecode.swift; name = "UISearchBar+PropertyConfigurationSet.swift"; path = "UIKitExtensionsSorceryGeneration/UISearchBar+PropertyConfigurationSet.swift"; sourceTree = "<group>"; };
		7AB4AFC3206A471900D93171 /* UILabel+PropertyConfigurationSet.swift */ = {isa = PBXFileReference; fileEncoding = 4; lastKnownFileType = sourcecode.swift; name = "UILabel+PropertyConfigurationSet.swift"; path = "UIKitExtensionsSorceryGeneration/UILabel+PropertyConfigurationSet.swift"; sourceTree = "<group>"; };
		7AB4AFC4206A471900D93171 /* UINavigationBar+PropertyConfigurationSet.swift */ = {isa = PBXFileReference; fileEncoding = 4; lastKnownFileType = sourcecode.swift; name = "UINavigationBar+PropertyConfigurationSet.swift"; path = "UIKitExtensionsSorceryGeneration/UINavigationBar+PropertyConfigurationSet.swift"; sourceTree = "<group>"; };
		7AB4AFC5206A471900D93171 /* UIButton+PropertyConfigurationSet.swift */ = {isa = PBXFileReference; fileEncoding = 4; lastKnownFileType = sourcecode.swift; name = "UIButton+PropertyConfigurationSet.swift"; path = "UIKitExtensionsSorceryGeneration/UIButton+PropertyConfigurationSet.swift"; sourceTree = "<group>"; };
		7AB4AFC6206A471900D93171 /* UITextView+PropertyConfigurationSet.swift */ = {isa = PBXFileReference; fileEncoding = 4; lastKnownFileType = sourcecode.swift; name = "UITextView+PropertyConfigurationSet.swift"; path = "UIKitExtensionsSorceryGeneration/UITextView+PropertyConfigurationSet.swift"; sourceTree = "<group>"; };
		7AB4AFC7206A471900D93171 /* UIControl+PropertyConfigurationSetl.swift */ = {isa = PBXFileReference; fileEncoding = 4; lastKnownFileType = sourcecode.swift; name = "UIControl+PropertyConfigurationSetl.swift"; path = "UIKitExtensionsSorceryGeneration/UIControl+PropertyConfigurationSetl.swift"; sourceTree = "<group>"; };
		7AB4AFC8206A471900D93171 /* UIVisualEffectView+PropertyConfigurationSet.swift */ = {isa = PBXFileReference; fileEncoding = 4; lastKnownFileType = sourcecode.swift; name = "UIVisualEffectView+PropertyConfigurationSet.swift"; path = "UIKitExtensionsSorceryGeneration/UIVisualEffectView+PropertyConfigurationSet.swift"; sourceTree = "<group>"; };
		7AB4AFC9206A471900D93171 /* UIRefreshControl+PropertyConfigurationSet.swift */ = {isa = PBXFileReference; fileEncoding = 4; lastKnownFileType = sourcecode.swift; name = "UIRefreshControl+PropertyConfigurationSet.swift"; path = "UIKitExtensionsSorceryGeneration/UIRefreshControl+PropertyConfigurationSet.swift"; sourceTree = "<group>"; };
		7AB4AFCA206A471900D93171 /* UIProgressView+PropertyConfigurationSet.swift */ = {isa = PBXFileReference; fileEncoding = 4; lastKnownFileType = sourcecode.swift; name = "UIProgressView+PropertyConfigurationSet.swift"; path = "UIKitExtensionsSorceryGeneration/UIProgressView+PropertyConfigurationSet.swift"; sourceTree = "<group>"; };
		7AB4AFCB206A471A00D93171 /* UICollectionView+PropertyConfigurationSet.swift */ = {isa = PBXFileReference; fileEncoding = 4; lastKnownFileType = sourcecode.swift; name = "UICollectionView+PropertyConfigurationSet.swift"; path = "UIKitExtensionsSorceryGeneration/UICollectionView+PropertyConfigurationSet.swift"; sourceTree = "<group>"; };
		7AB4AFF0206A47A900D93171 /* CALayer+ConfigurationSet.swift */ = {isa = PBXFileReference; fileEncoding = 4; lastKnownFileType = sourcecode.swift; name = "CALayer+ConfigurationSet.swift"; path = "QuartzCoreExtensions/CALayer+ConfigurationSet.swift"; sourceTree = "<group>"; };
		7AB4B006206A48D900D93171 /* Info-tvOS.plist */ = {isa = PBXFileReference; lastKnownFileType = text.plist.xml; name = "Info-tvOS.plist"; path = "Supporting Files/Info-tvOS.plist"; sourceTree = "<group>"; };
		7AB4B007206A48D900D93171 /* Info.plist */ = {isa = PBXFileReference; lastKnownFileType = text.plist.xml; name = Info.plist; path = "Supporting Files/Info.plist"; sourceTree = "<group>"; };
		7AB4B008206A48D900D93171 /* ViewConfigurator.h */ = {isa = PBXFileReference; lastKnownFileType = sourcecode.c.h; name = ViewConfigurator.h; path = "Supporting Files/ViewConfigurator.h"; sourceTree = "<group>"; };
		7AB4B020206A4A8500D93171 /* SourceryGeneration.swift */ = {isa = PBXFileReference; fileEncoding = 4; lastKnownFileType = sourcecode.swift; name = SourceryGeneration.swift; path = Sourcery/SourceryGeneration.swift; sourceTree = "<group>"; };
		7AB4B021206A4A8500D93171 /* generate.sh */ = {isa = PBXFileReference; fileEncoding = 4; lastKnownFileType = text.script.sh; name = generate.sh; path = Sourcery/generate.sh; sourceTree = "<group>"; };
		7AB4B024206A4A8F00D93171 /* SourceryScript.stencil */ = {isa = PBXFileReference; fileEncoding = 4; lastKnownFileType = text; name = SourceryScript.stencil; path = Sourcery/Stencil/SourceryScript.stencil; sourceTree = "<group>"; };
		E409D8E61F2BB3F0004964AE /* Configurator.swift */ = {isa = PBXFileReference; fileEncoding = 4; lastKnownFileType = sourcecode.swift; name = Configurator.swift; path = Core/Configurator.swift; sourceTree = "<group>"; };
		E43951661F2C7C9800543B34 /* UIViewSpec.swift */ = {isa = PBXFileReference; lastKnownFileType = sourcecode.swift; path = UIViewSpec.swift; sourceTree = "<group>"; };
		E45621471F5718E000FBD730 /* UIButtonSpecs.swift */ = {isa = PBXFileReference; fileEncoding = 4; lastKnownFileType = sourcecode.swift; path = UIButtonSpecs.swift; sourceTree = "<group>"; };
		E4A317A51F56FA1600649294 /* UIControlSpecs.swift */ = {isa = PBXFileReference; fileEncoding = 4; lastKnownFileType = sourcecode.swift; path = UIControlSpecs.swift; sourceTree = "<group>"; };
		E4EA60301F69868A00A2BF3A /* UIImageViewSpecs.swift */ = {isa = PBXFileReference; lastKnownFileType = sourcecode.swift; path = UIImageViewSpecs.swift; sourceTree = "<group>"; };
		E4EC0D811F56C2FD0053621D /* UILabelSpecs.swift */ = {isa = PBXFileReference; fileEncoding = 4; lastKnownFileType = sourcecode.swift; path = UILabelSpecs.swift; sourceTree = "<group>"; };
		E4FEB65F1F2CA00700EE6D8C /* LayerContainingSpecs.swift */ = {isa = PBXFileReference; lastKnownFileType = sourcecode.swift; path = LayerContainingSpecs.swift; sourceTree = "<group>"; };
/* End PBXFileReference section */

/* Begin PBXFrameworksBuildPhase section */
		3549BB1D1DA389CD00C63030 /* Frameworks */ = {
			isa = PBXFrameworksBuildPhase;
			buildActionMask = 2147483647;
			files = (
			);
			runOnlyForDeploymentPostprocessing = 0;
		};
		3549BB5E1DA38ADB00C63030 /* Frameworks */ = {
			isa = PBXFrameworksBuildPhase;
			buildActionMask = 2147483647;
			files = (
				35CA2AC61E12925700147290 /* Nimble.framework in Frameworks */,
				35CA2AC71E12925700147290 /* Quick.framework in Frameworks */,
				3549BB661DA38ADB00C63030 /* ViewConfigurator.framework in Frameworks */,
			);
			runOnlyForDeploymentPostprocessing = 0;
		};
/* End PBXFrameworksBuildPhase section */

/* Begin PBXGroup section */
		3549BAFB1DA387DB00C63030 = {
			isa = PBXGroup;
			children = (
				3549BB161DA3890B00C63030 /* Sources */,
				3549BB191DA3890B00C63030 /* Tests */,
				3549BB061DA387DB00C63030 /* Products */,
				35CA2AD51E12933000147290 /* Configuration */,
				357D954B1DA3F2B400AEC55F /* Frameworks */,
			);
			sourceTree = "<group>";
		};
		3549BB061DA387DB00C63030 /* Products */ = {
			isa = PBXGroup;
			children = (
				3549BB211DA389CD00C63030 /* ViewConfigurator.framework */,
				3549BB611DA38ADB00C63030 /* ViewConfiguratorTests-iOS.xctest */,
			);
			name = Products;
			sourceTree = "<group>";
		};
		3549BB161DA3890B00C63030 /* Sources */ = {
			isa = PBXGroup;
			children = (
				3549BB5C1DA38AA500C63030 /* Core */,
				7AB4AFA5206A46C500D93171 /* QuartzCoreExtensions */,
				E409D8F51F2BB7C8004964AE /* UIKitExtensions */,
				7AAA91D02069261D0080885E /* UIKitExtensionsGenerated */,
				7A8DE80A2065235200420643 /* Sorcery */,
				3549BB541DA38A4000C63030 /* Supporting Files */,
			);
			path = Sources;
			sourceTree = "<group>";
		};
		3549BB191DA3890B00C63030 /* Tests */ = {
			isa = PBXGroup;
			children = (
				3549BB8A1DA38C0A00C63030 /* ConfiguratorSetSpec.swift */,
				E43951661F2C7C9800543B34 /* UIViewSpec.swift */,
				E4FEB65F1F2CA00700EE6D8C /* LayerContainingSpecs.swift */,
				7A541B3C2024523300DC3B49 /* UITextViewSpecs.swift */,
				E4EC0D811F56C2FD0053621D /* UILabelSpecs.swift */,
				E4A317A51F56FA1600649294 /* UIControlSpecs.swift */,
				E4EA60301F69868A00A2BF3A /* UIImageViewSpecs.swift */,
				E45621471F5718E000FBD730 /* UIButtonSpecs.swift */,
				3549BB5B1DA38A8C00C63030 /* Supporting Files */,
			);
			path = Tests;
			sourceTree = "<group>";
		};
		3549BB541DA38A4000C63030 /* Supporting Files */ = {
			isa = PBXGroup;
			children = (
				7AB4B006206A48D900D93171 /* Info-tvOS.plist */,
				7AB4B007206A48D900D93171 /* Info.plist */,
				7AB4B008206A48D900D93171 /* ViewConfigurator.h */,
			);
			name = "Supporting Files";
			sourceTree = "<group>";
		};
		3549BB5B1DA38A8C00C63030 /* Supporting Files */ = {
			isa = PBXGroup;
			children = (
				3549BB581DA38A8800C63030 /* Info.plist */,
				3549BB571DA38A8800C63030 /* Info-tvOS.plist */,
			);
			name = "Supporting Files";
			sourceTree = "<group>";
		};
		3549BB5C1DA38AA500C63030 /* Core */ = {
			isa = PBXGroup;
			children = (
				E409D8E61F2BB3F0004964AE /* Configurator.swift */,
			);
			name = Core;
			sourceTree = "<group>";
		};
		357D954B1DA3F2B400AEC55F /* Frameworks */ = {
			isa = PBXGroup;
			children = (
				35CA2A861E12920400147290 /* Quick.xcodeproj */,
				35CA2A891E12920400147290 /* Nimble.xcodeproj */,
			);
			name = Frameworks;
			sourceTree = "<group>";
		};
		35CA2A871E12920400147290 /* Products */ = {
			isa = PBXGroup;
			children = (
				35CA2AAB1E12920400147290 /* Quick.framework */,
				35CA2AAD1E12920400147290 /* Quick - macOSTests.xctest */,
				35CA2AAF1E12920400147290 /* QuickFocused - macOSTests.xctest */,
				35CA2AB11E12920400147290 /* QuickAfterSuite - macOSTests.xctest */,
				35CA2AB31E12920400147290 /* Quick.framework */,
				35CA2AB51E12920400147290 /* Quick - iOSTests.xctest */,
				35CA2AB71E12920400147290 /* QuickFocused - iOSTests.xctest */,
				35CA2AB91E12920400147290 /* QuickAfterSuite - iOSTests.xctest */,
				35CA2ABB1E12920400147290 /* Quick.framework */,
				35CA2ABD1E12920400147290 /* Quick - tvOSTests.xctest */,
				35CA2ABF1E12920400147290 /* QuickFocused - tvOSTests.xctest */,
				35CA2AC11E12920400147290 /* QuickAfterSuite - tvOSTests.xctest */,
			);
			name = Products;
			sourceTree = "<group>";
		};
		35CA2A8A1E12920400147290 /* Products */ = {
			isa = PBXGroup;
			children = (
				35CA2A931E12920400147290 /* Nimble.framework */,
				35CA2A951E12920400147290 /* NimbleTests.xctest */,
				35CA2A971E12920400147290 /* Nimble.framework */,
				35CA2A991E12920400147290 /* NimbleTests.xctest */,
				35CA2A9B1E12920400147290 /* Nimble.framework */,
				35CA2A9D1E12920400147290 /* NimbleTests.xctest */,
			);
			name = Products;
			sourceTree = "<group>";
		};
		35CA2AD51E12933000147290 /* Configuration */ = {
			isa = PBXGroup;
			children = (
				35CD64E51E60192300AF060B /* xcconfigs */,
			);
			name = Configuration;
			path = Carthage/Checkouts;
			sourceTree = "<group>";
		};
		35CD64E51E60192300AF060B /* xcconfigs */ = {
			isa = PBXGroup;
			children = (
				35CD64E71E60192300AF060B /* Base */,
				35CD65031E60192300AF060B /* iOS */,
				35CD65081E60192300AF060B /* Mac OS X */,
				35CD650F1E60192300AF060B /* tvOS */,
				35CD65141E60192300AF060B /* watchOS */,
			);
			name = xcconfigs;
			path = Carthage/Checkouts/xcconfigs;
			sourceTree = SOURCE_ROOT;
		};
		35CD64E71E60192300AF060B /* Base */ = {
			isa = PBXGroup;
			children = (
				35CD64E81E60192300AF060B /* Common.xcconfig */,
				35CD64E91E60192300AF060B /* Configurations */,
				35CD64EE1E60192300AF060B /* Targets */,
			);
			path = Base;
			sourceTree = "<group>";
		};
		35CD64E91E60192300AF060B /* Configurations */ = {
			isa = PBXGroup;
			children = (
				35CD64EA1E60192300AF060B /* Debug.xcconfig */,
				35CD64EB1E60192300AF060B /* Profile.xcconfig */,
				35CD64EC1E60192300AF060B /* Release.xcconfig */,
				35CD64ED1E60192300AF060B /* Test.xcconfig */,
			);
			path = Configurations;
			sourceTree = "<group>";
		};
		35CD64EE1E60192300AF060B /* Targets */ = {
			isa = PBXGroup;
			children = (
				35CD64EF1E60192300AF060B /* Application.xcconfig */,
				35CD64F01E60192300AF060B /* Framework.xcconfig */,
				35CD64F11E60192300AF060B /* StaticLibrary.xcconfig */,
			);
			path = Targets;
			sourceTree = "<group>";
		};
		35CD65031E60192300AF060B /* iOS */ = {
			isa = PBXGroup;
			children = (
				35CD65041E60192300AF060B /* iOS-Application.xcconfig */,
				35CD65051E60192300AF060B /* iOS-Base.xcconfig */,
				35CD65061E60192300AF060B /* iOS-Framework.xcconfig */,
				35CD65071E60192300AF060B /* iOS-StaticLibrary.xcconfig */,
			);
			path = iOS;
			sourceTree = "<group>";
		};
		35CD65081E60192300AF060B /* Mac OS X */ = {
			isa = PBXGroup;
			children = (
				35CD65091E60192300AF060B /* Mac-Application.xcconfig */,
				35CD650A1E60192300AF060B /* Mac-Base.xcconfig */,
				35CD650B1E60192300AF060B /* Mac-DynamicLibrary.xcconfig */,
				35CD650C1E60192300AF060B /* Mac-Framework.xcconfig */,
				35CD650D1E60192300AF060B /* Mac-StaticLibrary.xcconfig */,
			);
			path = "Mac OS X";
			sourceTree = "<group>";
		};
		35CD650F1E60192300AF060B /* tvOS */ = {
			isa = PBXGroup;
			children = (
				35CD65101E60192300AF060B /* tvOS-Application.xcconfig */,
				35CD65111E60192300AF060B /* tvOS-Base.xcconfig */,
				35CD65121E60192300AF060B /* tvOS-Framework.xcconfig */,
				35CD65131E60192300AF060B /* tvOS-StaticLibrary.xcconfig */,
			);
			path = tvOS;
			sourceTree = "<group>";
		};
		35CD65141E60192300AF060B /* watchOS */ = {
			isa = PBXGroup;
			children = (
				35CD65151E60192300AF060B /* watchOS-Application.xcconfig */,
				35CD65161E60192300AF060B /* watchOS-Base.xcconfig */,
				35CD65171E60192300AF060B /* watchOS-Framework.xcconfig */,
				35CD65181E60192300AF060B /* watchOS-StaticLibrary.xcconfig */,
			);
			path = watchOS;
			sourceTree = "<group>";
		};
		7A8DE80A2065235200420643 /* Sorcery */ = {
			isa = PBXGroup;
			children = (
				7AB4B021206A4A8500D93171 /* generate.sh */,
				7AB4B020206A4A8500D93171 /* SourceryGeneration.swift */,
				7AB4B024206A4A8F00D93171 /* SourceryScript.stencil */,
			);
			name = Sorcery;
			sourceTree = "<group>";
		};
		7AAA91D02069261D0080885E /* UIKitExtensionsGenerated */ = {
			isa = PBXGroup;
			children = (
				7AB4AFBE206A471800D93171 /* UIActionSheet+PropertyConfigurationSet.swift */,
				7AB4AFAC206A471700D93171 /* UIActivityIndicatorView+PropertyConfigurationSet.swift */,
				7AB4AFA8206A471700D93171 /* UIAlertView+PropertyConfigurationSet.swift */,
				7AB4AFC5206A471900D93171 /* UIButton+PropertyConfigurationSet.swift */,
				7AB4AFA9206A471700D93171 /* UICollectionReusableView+PropertyConfigurationSet.swift */,
				7AB4AFCB206A471A00D93171 /* UICollectionView+PropertyConfigurationSet.swift */,
				7AB4AFAF206A471700D93171 /* UICollectionViewCell+PropertyConfigurationSet.swift */,
				7AB4AFC7206A471900D93171 /* UIControl+PropertyConfigurationSetl.swift */,
				7AB4AFB6206A471800D93171 /* UIDatePicker+PropertyConfigurationSet.swift */,
				7AB4AFAA206A471700D93171 /* UIImageView+PropertyConfigurationSet.swift */,
				7AB4AFAB206A471700D93171 /* UIInputView+PropertyConfigurationSet.swift */,
				7AB4AFC3206A471900D93171 /* UILabel+PropertyConfigurationSet.swift */,
				7AB4AFC4206A471900D93171 /* UINavigationBar+PropertyConfigurationSet.swift */,
				7AB4AFBF206A471800D93171 /* UIPageControl+PropertyConfigurationSet.swift */,
				7AB4AFC0206A471900D93171 /* UIPickerView+PropertyConfigurationSet.swift */,
				7AB4AFAD206A471700D93171 /* UIPopoverBackgroundView+PropertyConfigurationSet.swift */,
				7AB4AFCA206A471900D93171 /* UIProgressView+PropertyConfigurationSet.swift */,
				7AB4AFC9206A471900D93171 /* UIRefreshControl+PropertyConfigurationSet.swift */,
				7AB4AFC1206A471900D93171 /* UIScrollView+PropertyConfigurationSet.swift */,
				7AB4AFC2206A471900D93171 /* UISearchBar+PropertyConfigurationSet.swift */,
				7AB4AFB1206A471700D93171 /* UISegmentedControl+PropertyConfigurationSet.swift */,
				7AB4AFBA206A471800D93171 /* UISlider+PropertyConfigurationSet.swift */,
				7AB4AFAE206A471700D93171 /* UIStackView+PropertyConfigurationSet.swift */,
				7AB4AFB0206A471700D93171 /* UIStepper+PropertyConfigurationSet.swift */,
				7AB4AFB9206A471800D93171 /* UISwitch+PropertyConfigurationSet.swift */,
				7AB4AFBB206A471800D93171 /* UITabBar+PropertyConfigurationSet.swift */,
				7AB4AFB2206A471700D93171 /* UITableView+PropertyConfigurationSet.swift */,
				7AB4AFB3206A471700D93171 /* UITableViewCell+PropertyConfigurationSet.swift */,
				7AB4AFBD206A471800D93171 /* UITableViewHeaderFooterView+PropertyConfigurationSet.swift */,
				7AB4AFB4206A471800D93171 /* UITextField+PropertyConfigurationSet.swift */,
				7AB4AFC6206A471900D93171 /* UITextView+PropertyConfigurationSet.swift */,
				7AB4AFB5206A471800D93171 /* UIToolbar+PropertyConfigurationSet.swift */,
				7AB4AFB7206A471800D93171 /* UIView+PropertyConfigurationSet.swift */,
				7AB4AFC8206A471900D93171 /* UIVisualEffectView+PropertyConfigurationSet.swift */,
				7AB4AFBC206A471800D93171 /* UIWebView+PropertyConfigurationSet.swift */,
				7AB4AFB8206A471800D93171 /* UIWindow+PropertyConfigurationSet.swift */,
			);
			name = UIKitExtensionsGenerated;
			sourceTree = "<group>";
		};
		7AB4AFA5206A46C500D93171 /* QuartzCoreExtensions */ = {
			isa = PBXGroup;
			children = (
				7AB4AFF0206A47A900D93171 /* CALayer+ConfigurationSet.swift */,
			);
			name = QuartzCoreExtensions;
			sourceTree = "<group>";
		};
		E409D8F51F2BB7C8004964AE /* UIKitExtensions */ = {
			isa = PBXGroup;
			children = (
				7AB4AF8D206A46A400D93171 /* UIActionSheet+FunctionConfigurationSet.swift */,
				7AB4AF87206A46A400D93171 /* UIAlertView+FunctionConfigurationSet.swift */,
				7AB4AF84206A46A300D93171 /* UIButton+FunctionConfigurationSet.swift */,
				7AB4AF86206A46A300D93171 /* UICollectionReusableView+FunctionConfigurationSet.swift */,
				7AB4AF7D206A46A300D93171 /* UICollectionView+FunctionConfigurationSet.swift */,
				7AB4AF7F206A46A300D93171 /* UIControl+FunctionConfigurationSet.swift */,
				7AB4AF7C206A46A300D93171 /* UIDatePicker+FunctionConfigurationSet.swift */,
				7AB4AF7A206A46A300D93171 /* UINavigationBarItems+FunctionConfigurationSet.swift */,
				7AB4AF80206A46A300D93171 /* UIProgressView+FunctionConfigurationSet.swift */,
				7AB4AF88206A46A400D93171 /* UIScrollView+FunctionConfigurationSet.swift */,
				7AB4AF82206A46A300D93171 /* UISearchBar+FunctionConfigurationSet.swift */,
				7AB4AF7E206A46A300D93171 /* UISegementedControl+FunctionConfigurationSet.swift */,
				7AB4AF85206A46A300D93171 /* UISlider+FunctionConfigurationSet.swift */,
				7AB4AF89206A46A400D93171 /* UIStackView+FunctionConfigurationSet.swift */,
				7AB4AF81206A46A300D93171 /* UIStepper+FunctionConfigurationSet.swift */,
				7AB4AF83206A46A300D93171 /* UISwitch+FunctionConfigurationSet.swift */,
				7AB4AF8A206A46A400D93171 /* UITabBar+FunctionConfigurationSet.swift */,
				7AB4AF8B206A46A400D93171 /* UITableView+FunctionConfigurationSet.swift */,
				7AB4AF8C206A46A400D93171 /* UIToolBar+FunctionConfigurationSet.swift */,
				7AB4AF7B206A46A300D93171 /* UIView+FunctionConfigurationSet.swift */,
			);
			name = UIKitExtensions;
			sourceTree = "<group>";
		};
/* End PBXGroup section */

/* Begin PBXHeadersBuildPhase section */
		3549BB1E1DA389CD00C63030 /* Headers */ = {
			isa = PBXHeadersBuildPhase;
			buildActionMask = 2147483647;
			files = (
				7AB4B00D206A493D00D93171 /* ViewConfigurator.h in Headers */,
			);
			runOnlyForDeploymentPostprocessing = 0;
		};
/* End PBXHeadersBuildPhase section */

/* Begin PBXNativeTarget section */
		3549BB201DA389CD00C63030 /* ViewConfigurator-iOS */ = {
			isa = PBXNativeTarget;
			buildConfigurationList = 3549BB261DA389CD00C63030 /* Build configuration list for PBXNativeTarget "ViewConfigurator-iOS" */;
			buildPhases = (
				7A8DE82A2065258B00420643 /* Run SourceryGeneration */,
				E4B349131F2BD08C00CD7F53 /* Run SwiftLint */,
				3549BB1C1DA389CD00C63030 /* Sources */,
				3549BB1D1DA389CD00C63030 /* Frameworks */,
				3549BB1E1DA389CD00C63030 /* Headers */,
				3549BB1F1DA389CD00C63030 /* Resources */,
			);
			buildRules = (
			);
			dependencies = (
			);
			name = "ViewConfigurator-iOS";
			productName = "ViewConfigurator-iOS";
			productReference = 3549BB211DA389CD00C63030 /* ViewConfigurator.framework */;
			productType = "com.apple.product-type.framework";
		};
		3549BB601DA38ADB00C63030 /* ViewConfiguratorTests-iOS */ = {
			isa = PBXNativeTarget;
			buildConfigurationList = 3549BB691DA38ADB00C63030 /* Build configuration list for PBXNativeTarget "ViewConfiguratorTests-iOS" */;
			buildPhases = (
				3549BB5D1DA38ADB00C63030 /* Sources */,
				3549BB5E1DA38ADB00C63030 /* Frameworks */,
				3549BB5F1DA38ADB00C63030 /* Resources */,
			);
			buildRules = (
			);
			dependencies = (
				35CA2AC31E12922F00147290 /* PBXTargetDependency */,
				35CA2AC51E12922F00147290 /* PBXTargetDependency */,
				3549BB681DA38ADB00C63030 /* PBXTargetDependency */,
			);
			name = "ViewConfiguratorTests-iOS";
			productName = "ConfiguratorTests-iOS";
			productReference = 3549BB611DA38ADB00C63030 /* ViewConfiguratorTests-iOS.xctest */;
			productType = "com.apple.product-type.bundle.unit-test";
		};
/* End PBXNativeTarget section */

/* Begin PBXProject section */
		3549BAFC1DA387DB00C63030 /* Project object */ = {
			isa = PBXProject;
			attributes = {
				LastSwiftUpdateCheck = 0800;
				LastUpgradeCheck = 0900;
				ORGANIZATIONNAME = "ImagineOn GmbH";
				TargetAttributes = {
					3549BB201DA389CD00C63030 = {
						CreatedOnToolsVersion = 8.0;
						LastSwiftMigration = 0900;
						ProvisioningStyle = Automatic;
					};
					3549BB601DA38ADB00C63030 = {
						CreatedOnToolsVersion = 8.0;
						LastSwiftMigration = 0900;
						ProvisioningStyle = Automatic;
					};
				};
			};
			buildConfigurationList = 3549BAFF1DA387DB00C63030 /* Build configuration list for PBXProject "ViewConfigurator" */;
			compatibilityVersion = "Xcode 3.2";
			developmentRegion = English;
			hasScannedForEncodings = 0;
			knownRegions = (
				en,
			);
			mainGroup = 3549BAFB1DA387DB00C63030;
			productRefGroup = 3549BB061DA387DB00C63030 /* Products */;
			projectDirPath = "";
			projectReferences = (
				{
					ProductGroup = 35CA2A8A1E12920400147290 /* Products */;
					ProjectRef = 35CA2A891E12920400147290 /* Nimble.xcodeproj */;
				},
				{
					ProductGroup = 35CA2A871E12920400147290 /* Products */;
					ProjectRef = 35CA2A861E12920400147290 /* Quick.xcodeproj */;
				},
			);
			projectRoot = "";
			targets = (
				3549BB201DA389CD00C63030 /* ViewConfigurator-iOS */,
				3549BB601DA38ADB00C63030 /* ViewConfiguratorTests-iOS */,
			);
		};
/* End PBXProject section */

/* Begin PBXReferenceProxy section */
		35CA2A931E12920400147290 /* Nimble.framework */ = {
			isa = PBXReferenceProxy;
			fileType = wrapper.framework;
			path = Nimble.framework;
			remoteRef = 35CA2A921E12920400147290 /* PBXContainerItemProxy */;
			sourceTree = BUILT_PRODUCTS_DIR;
		};
		35CA2A951E12920400147290 /* NimbleTests.xctest */ = {
			isa = PBXReferenceProxy;
			fileType = wrapper.cfbundle;
			path = NimbleTests.xctest;
			remoteRef = 35CA2A941E12920400147290 /* PBXContainerItemProxy */;
			sourceTree = BUILT_PRODUCTS_DIR;
		};
		35CA2A971E12920400147290 /* Nimble.framework */ = {
			isa = PBXReferenceProxy;
			fileType = wrapper.framework;
			path = Nimble.framework;
			remoteRef = 35CA2A961E12920400147290 /* PBXContainerItemProxy */;
			sourceTree = BUILT_PRODUCTS_DIR;
		};
		35CA2A991E12920400147290 /* NimbleTests.xctest */ = {
			isa = PBXReferenceProxy;
			fileType = wrapper.cfbundle;
			path = NimbleTests.xctest;
			remoteRef = 35CA2A981E12920400147290 /* PBXContainerItemProxy */;
			sourceTree = BUILT_PRODUCTS_DIR;
		};
		35CA2A9B1E12920400147290 /* Nimble.framework */ = {
			isa = PBXReferenceProxy;
			fileType = wrapper.framework;
			path = Nimble.framework;
			remoteRef = 35CA2A9A1E12920400147290 /* PBXContainerItemProxy */;
			sourceTree = BUILT_PRODUCTS_DIR;
		};
		35CA2A9D1E12920400147290 /* NimbleTests.xctest */ = {
			isa = PBXReferenceProxy;
			fileType = wrapper.cfbundle;
			path = NimbleTests.xctest;
			remoteRef = 35CA2A9C1E12920400147290 /* PBXContainerItemProxy */;
			sourceTree = BUILT_PRODUCTS_DIR;
		};
		35CA2AAB1E12920400147290 /* Quick.framework */ = {
			isa = PBXReferenceProxy;
			fileType = wrapper.framework;
			path = Quick.framework;
			remoteRef = 35CA2AAA1E12920400147290 /* PBXContainerItemProxy */;
			sourceTree = BUILT_PRODUCTS_DIR;
		};
		35CA2AAD1E12920400147290 /* Quick - macOSTests.xctest */ = {
			isa = PBXReferenceProxy;
			fileType = wrapper.cfbundle;
			path = "Quick - macOSTests.xctest";
			remoteRef = 35CA2AAC1E12920400147290 /* PBXContainerItemProxy */;
			sourceTree = BUILT_PRODUCTS_DIR;
		};
		35CA2AAF1E12920400147290 /* QuickFocused - macOSTests.xctest */ = {
			isa = PBXReferenceProxy;
			fileType = wrapper.cfbundle;
			path = "QuickFocused - macOSTests.xctest";
			remoteRef = 35CA2AAE1E12920400147290 /* PBXContainerItemProxy */;
			sourceTree = BUILT_PRODUCTS_DIR;
		};
		35CA2AB11E12920400147290 /* QuickAfterSuite - macOSTests.xctest */ = {
			isa = PBXReferenceProxy;
			fileType = wrapper.cfbundle;
			path = "QuickAfterSuite - macOSTests.xctest";
			remoteRef = 35CA2AB01E12920400147290 /* PBXContainerItemProxy */;
			sourceTree = BUILT_PRODUCTS_DIR;
		};
		35CA2AB31E12920400147290 /* Quick.framework */ = {
			isa = PBXReferenceProxy;
			fileType = wrapper.framework;
			path = Quick.framework;
			remoteRef = 35CA2AB21E12920400147290 /* PBXContainerItemProxy */;
			sourceTree = BUILT_PRODUCTS_DIR;
		};
		35CA2AB51E12920400147290 /* Quick - iOSTests.xctest */ = {
			isa = PBXReferenceProxy;
			fileType = wrapper.cfbundle;
			path = "Quick - iOSTests.xctest";
			remoteRef = 35CA2AB41E12920400147290 /* PBXContainerItemProxy */;
			sourceTree = BUILT_PRODUCTS_DIR;
		};
		35CA2AB71E12920400147290 /* QuickFocused - iOSTests.xctest */ = {
			isa = PBXReferenceProxy;
			fileType = wrapper.cfbundle;
			path = "QuickFocused - iOSTests.xctest";
			remoteRef = 35CA2AB61E12920400147290 /* PBXContainerItemProxy */;
			sourceTree = BUILT_PRODUCTS_DIR;
		};
		35CA2AB91E12920400147290 /* QuickAfterSuite - iOSTests.xctest */ = {
			isa = PBXReferenceProxy;
			fileType = wrapper.cfbundle;
			path = "QuickAfterSuite - iOSTests.xctest";
			remoteRef = 35CA2AB81E12920400147290 /* PBXContainerItemProxy */;
			sourceTree = BUILT_PRODUCTS_DIR;
		};
		35CA2ABB1E12920400147290 /* Quick.framework */ = {
			isa = PBXReferenceProxy;
			fileType = wrapper.framework;
			path = Quick.framework;
			remoteRef = 35CA2ABA1E12920400147290 /* PBXContainerItemProxy */;
			sourceTree = BUILT_PRODUCTS_DIR;
		};
		35CA2ABD1E12920400147290 /* Quick - tvOSTests.xctest */ = {
			isa = PBXReferenceProxy;
			fileType = wrapper.cfbundle;
			path = "Quick - tvOSTests.xctest";
			remoteRef = 35CA2ABC1E12920400147290 /* PBXContainerItemProxy */;
			sourceTree = BUILT_PRODUCTS_DIR;
		};
		35CA2ABF1E12920400147290 /* QuickFocused - tvOSTests.xctest */ = {
			isa = PBXReferenceProxy;
			fileType = wrapper.cfbundle;
			path = "QuickFocused - tvOSTests.xctest";
			remoteRef = 35CA2ABE1E12920400147290 /* PBXContainerItemProxy */;
			sourceTree = BUILT_PRODUCTS_DIR;
		};
		35CA2AC11E12920400147290 /* QuickAfterSuite - tvOSTests.xctest */ = {
			isa = PBXReferenceProxy;
			fileType = wrapper.cfbundle;
			path = "QuickAfterSuite - tvOSTests.xctest";
			remoteRef = 35CA2AC01E12920400147290 /* PBXContainerItemProxy */;
			sourceTree = BUILT_PRODUCTS_DIR;
		};
/* End PBXReferenceProxy section */

/* Begin PBXResourcesBuildPhase section */
		3549BB1F1DA389CD00C63030 /* Resources */ = {
			isa = PBXResourcesBuildPhase;
			buildActionMask = 2147483647;
			files = (
			);
			runOnlyForDeploymentPostprocessing = 0;
		};
		3549BB5F1DA38ADB00C63030 /* Resources */ = {
			isa = PBXResourcesBuildPhase;
			buildActionMask = 2147483647;
			files = (
			);
			runOnlyForDeploymentPostprocessing = 0;
		};
/* End PBXResourcesBuildPhase section */

/* Begin PBXShellScriptBuildPhase section */
		7A8DE82A2065258B00420643 /* Run SourceryGeneration */ = {
			isa = PBXShellScriptBuildPhase;
			buildActionMask = 2147483647;
			files = (
			);
			inputPaths = (
			);
			name = "Run SourceryGeneration";
			outputPaths = (
			);
			runOnlyForDeploymentPostprocessing = 0;
			shellPath = /bin/sh;
			shellScript = "#./Sources/Sourcery/generate.sh\n";
		};
		E4B349131F2BD08C00CD7F53 /* Run SwiftLint */ = {
			isa = PBXShellScriptBuildPhase;
			buildActionMask = 2147483647;
			files = (
			);
			inputPaths = (
			);
			name = "Run SwiftLint";
			outputPaths = (
			);
			runOnlyForDeploymentPostprocessing = 0;
			shellPath = /bin/sh;
			shellScript = "if which swiftlint >/dev/null; then\nswiftlint\nelse\necho \"warning: SwiftLint not installed, download from https://github.com/realm/SwiftLint\"\nfi";
		};
/* End PBXShellScriptBuildPhase section */

/* Begin PBXSourcesBuildPhase section */
		3549BB1C1DA389CD00C63030 /* Sources */ = {
			isa = PBXSourcesBuildPhase;
			buildActionMask = 2147483647;
			files = (
				7AB4AFEE206A471A00D93171 /* UIProgressView+PropertyConfigurationSet.swift in Sources */,
				7AB4AFD1206A471A00D93171 /* UIPopoverBackgroundView+PropertyConfigurationSet.swift in Sources */,
				7AB4AFE4206A471A00D93171 /* UIPickerView+PropertyConfigurationSet.swift in Sources */,
				7AB4AFD5206A471A00D93171 /* UISegmentedControl+PropertyConfigurationSet.swift in Sources */,
				7AB4AFE0206A471A00D93171 /* UIWebView+PropertyConfigurationSet.swift in Sources */,
				7AB4AFE9206A471A00D93171 /* UIButton+PropertyConfigurationSet.swift in Sources */,
				7AB4AFD0206A471A00D93171 /* UIActivityIndicatorView+PropertyConfigurationSet.swift in Sources */,
				7AB4AFD7206A471A00D93171 /* UITableViewCell+PropertyConfigurationSet.swift in Sources */,
				7AB4AFDB206A471A00D93171 /* UIView+PropertyConfigurationSet.swift in Sources */,
				7AB4AF90206A46A400D93171 /* UIView+FunctionConfigurationSet.swift in Sources */,
				7AB4AF98206A46A400D93171 /* UISwitch+FunctionConfigurationSet.swift in Sources */,
				7AB4AFEF206A471A00D93171 /* UICollectionView+PropertyConfigurationSet.swift in Sources */,
				7AB4AF94206A46A400D93171 /* UIControl+FunctionConfigurationSet.swift in Sources */,
				7AB4AF9D206A46A400D93171 /* UIScrollView+FunctionConfigurationSet.swift in Sources */,
				7AB4AFEB206A471A00D93171 /* UIControl+PropertyConfigurationSetl.swift in Sources */,
				7AB4AFD2206A471A00D93171 /* UIStackView+PropertyConfigurationSet.swift in Sources */,
				7AB4AFD6206A471A00D93171 /* UITableView+PropertyConfigurationSet.swift in Sources */,
				7AB4AF91206A46A400D93171 /* UIDatePicker+FunctionConfigurationSet.swift in Sources */,
				7AB4AF95206A46A400D93171 /* UIProgressView+FunctionConfigurationSet.swift in Sources */,
				7AB4AFEC206A471A00D93171 /* UIVisualEffectView+PropertyConfigurationSet.swift in Sources */,
				7AB4AFE8206A471A00D93171 /* UINavigationBar+PropertyConfigurationSet.swift in Sources */,
				7AB4AF9E206A46A400D93171 /* UIStackView+FunctionConfigurationSet.swift in Sources */,
				7AB4AF8F206A46A400D93171 /* UINavigationBarItems+FunctionConfigurationSet.swift in Sources */,
				7AB4AF96206A46A400D93171 /* UIStepper+FunctionConfigurationSet.swift in Sources */,
				7AB4AFED206A471A00D93171 /* UIRefreshControl+PropertyConfigurationSet.swift in Sources */,
				7AB4AF9A206A46A400D93171 /* UISlider+FunctionConfigurationSet.swift in Sources */,
				7AB4AFE7206A471A00D93171 /* UILabel+PropertyConfigurationSet.swift in Sources */,
				7AB4AF9C206A46A400D93171 /* UIAlertView+FunctionConfigurationSet.swift in Sources */,
				7AB4AFE1206A471A00D93171 /* UITableViewHeaderFooterView+PropertyConfigurationSet.swift in Sources */,
				7AB4AFF1206A47A900D93171 /* CALayer+ConfigurationSet.swift in Sources */,
				7AB4AFDC206A471A00D93171 /* UIWindow+PropertyConfigurationSet.swift in Sources */,
				7AB4AF92206A46A400D93171 /* UICollectionView+FunctionConfigurationSet.swift in Sources */,
				7AB4AFE2206A471A00D93171 /* UIActionSheet+PropertyConfigurationSet.swift in Sources */,
				7AB4AF93206A46A400D93171 /* UISegementedControl+FunctionConfigurationSet.swift in Sources */,
				7AB4AFEA206A471A00D93171 /* UITextView+PropertyConfigurationSet.swift in Sources */,
				7AB4AFA1206A46A400D93171 /* UIToolBar+FunctionConfigurationSet.swift in Sources */,
				7AB4AFA2206A46A400D93171 /* UIActionSheet+FunctionConfigurationSet.swift in Sources */,
				7AB4AF9F206A46A400D93171 /* UITabBar+FunctionConfigurationSet.swift in Sources */,
				7AB4AFCC206A471A00D93171 /* UIAlertView+PropertyConfigurationSet.swift in Sources */,
				7AB4AFD9206A471A00D93171 /* UIToolbar+PropertyConfigurationSet.swift in Sources */,
				7AB4AFDA206A471A00D93171 /* UIDatePicker+PropertyConfigurationSet.swift in Sources */,
				7AB4AF99206A46A400D93171 /* UIButton+FunctionConfigurationSet.swift in Sources */,
				7AB4AFE6206A471A00D93171 /* UISearchBar+PropertyConfigurationSet.swift in Sources */,
				7AB4AF9B206A46A400D93171 /* UICollectionReusableView+FunctionConfigurationSet.swift in Sources */,
				7AB4AFDE206A471A00D93171 /* UISlider+PropertyConfigurationSet.swift in Sources */,
				7AB4AFD4206A471A00D93171 /* UIStepper+PropertyConfigurationSet.swift in Sources */,
				7AB4AFD8206A471A00D93171 /* UITextField+PropertyConfigurationSet.swift in Sources */,
				7AB4AFD3206A471A00D93171 /* UICollectionViewCell+PropertyConfigurationSet.swift in Sources */,
				7AB4AFDD206A471A00D93171 /* UISwitch+PropertyConfigurationSet.swift in Sources */,
				7AB4AFCE206A471A00D93171 /* UIImageView+PropertyConfigurationSet.swift in Sources */,
				7AB4AFE3206A471A00D93171 /* UIPageControl+PropertyConfigurationSet.swift in Sources */,
				7AB4AFDF206A471A00D93171 /* UITabBar+PropertyConfigurationSet.swift in Sources */,
				E409D8E71F2BB3F0004964AE /* Configurator.swift in Sources */,
				7AB4AF97206A46A400D93171 /* UISearchBar+FunctionConfigurationSet.swift in Sources */,
				7AB4AFA0206A46A400D93171 /* UITableView+FunctionConfigurationSet.swift in Sources */,
				7AB4AFCD206A471A00D93171 /* UICollectionReusableView+PropertyConfigurationSet.swift in Sources */,
				7AB4AFE5206A471A00D93171 /* UIScrollView+PropertyConfigurationSet.swift in Sources */,
				7AB4AFCF206A471A00D93171 /* UIInputView+PropertyConfigurationSet.swift in Sources */,
			);
			runOnlyForDeploymentPostprocessing = 0;
		};
		3549BB5D1DA38ADB00C63030 /* Sources */ = {
			isa = PBXSourcesBuildPhase;
			buildActionMask = 2147483647;
			files = (
				7A541B3D2024523300DC3B49 /* UITextViewSpecs.swift in Sources */,
				E45621481F5718E000FBD730 /* UIButtonSpecs.swift in Sources */,
				E4FEB6601F2CA00700EE6D8C /* LayerContainingSpecs.swift in Sources */,
				E4EA60311F69868A00A2BF3A /* UIImageViewSpecs.swift in Sources */,
				E4EC0D821F56C2FD0053621D /* UILabelSpecs.swift in Sources */,
				E4A317A71F56FA8300649294 /* UIControlSpecs.swift in Sources */,
				3549BB8B1DA38C0A00C63030 /* ConfiguratorSetSpec.swift in Sources */,
				E43951751F2C7DFB00543B34 /* UIViewSpec.swift in Sources */,
			);
			runOnlyForDeploymentPostprocessing = 0;
		};
/* End PBXSourcesBuildPhase section */

/* Begin PBXTargetDependency section */
		3549BB681DA38ADB00C63030 /* PBXTargetDependency */ = {
			isa = PBXTargetDependency;
			target = 3549BB201DA389CD00C63030 /* ViewConfigurator-iOS */;
			targetProxy = 3549BB671DA38ADB00C63030 /* PBXContainerItemProxy */;
		};
		35CA2AC31E12922F00147290 /* PBXTargetDependency */ = {
			isa = PBXTargetDependency;
			name = "Quick-iOS";
			targetProxy = 35CA2AC21E12922F00147290 /* PBXContainerItemProxy */;
		};
		35CA2AC51E12922F00147290 /* PBXTargetDependency */ = {
			isa = PBXTargetDependency;
			name = "Nimble-iOS";
			targetProxy = 35CA2AC41E12922F00147290 /* PBXContainerItemProxy */;
		};
/* End PBXTargetDependency section */

/* Begin XCBuildConfiguration section */
		3549BB0B1DA387DB00C63030 /* Debug */ = {
			isa = XCBuildConfiguration;
			baseConfigurationReference = 35CD64EA1E60192300AF060B /* Debug.xcconfig */;
			buildSettings = {
				ALWAYS_SEARCH_USER_PATHS = NO;
				CLANG_ANALYZER_NONNULL = YES;
				CLANG_CXX_LANGUAGE_STANDARD = "gnu++0x";
				CLANG_CXX_LIBRARY = "libc++";
				CLANG_ENABLE_MODULES = YES;
				CLANG_ENABLE_OBJC_ARC = YES;
				CLANG_WARN_BLOCK_CAPTURE_AUTORELEASING = YES;
				CLANG_WARN_BOOL_CONVERSION = YES;
				CLANG_WARN_COMMA = YES;
				CLANG_WARN_CONSTANT_CONVERSION = YES;
				CLANG_WARN_DIRECT_OBJC_ISA_USAGE = YES_ERROR;
				CLANG_WARN_DOCUMENTATION_COMMENTS = YES;
				CLANG_WARN_EMPTY_BODY = YES;
				CLANG_WARN_ENUM_CONVERSION = YES;
				CLANG_WARN_INFINITE_RECURSION = YES;
				CLANG_WARN_INT_CONVERSION = YES;
				CLANG_WARN_NON_LITERAL_NULL_CONVERSION = YES;
				CLANG_WARN_OBJC_LITERAL_CONVERSION = YES;
				CLANG_WARN_OBJC_ROOT_CLASS = YES_ERROR;
				CLANG_WARN_RANGE_LOOP_ANALYSIS = YES;
				CLANG_WARN_STRICT_PROTOTYPES = YES;
				CLANG_WARN_SUSPICIOUS_MOVE = YES;
				CLANG_WARN_SUSPICIOUS_MOVES = YES;
				CLANG_WARN_UNREACHABLE_CODE = YES;
				CLANG_WARN__DUPLICATE_METHOD_MATCH = YES;
				"CODE_SIGN_IDENTITY[sdk=iphoneos*]" = "iPhone Developer";
				COPY_PHASE_STRIP = NO;
				CURRENT_PROJECT_VERSION = 1;
				DEBUG_INFORMATION_FORMAT = dwarf;
				ENABLE_STRICT_OBJC_MSGSEND = YES;
				ENABLE_TESTABILITY = YES;
				GCC_C_LANGUAGE_STANDARD = gnu99;
				GCC_DYNAMIC_NO_PIC = NO;
				GCC_NO_COMMON_BLOCKS = YES;
				GCC_OPTIMIZATION_LEVEL = 0;
				GCC_PREPROCESSOR_DEFINITIONS = (
					"DEBUG=1",
					"$(inherited)",
				);
				GCC_WARN_64_TO_32_BIT_CONVERSION = YES;
				GCC_WARN_ABOUT_RETURN_TYPE = YES_ERROR;
				GCC_WARN_UNDECLARED_SELECTOR = YES;
				GCC_WARN_UNINITIALIZED_AUTOS = YES_AGGRESSIVE;
				GCC_WARN_UNUSED_FUNCTION = YES;
				GCC_WARN_UNUSED_VARIABLE = YES;
				IPHONEOS_DEPLOYMENT_TARGET = 8.0;
				MTL_ENABLE_DEBUG_INFO = YES;
				ONLY_ACTIVE_ARCH = YES;
				SDKROOT = iphoneos;
				SWIFT_ACTIVE_COMPILATION_CONDITIONS = DEBUG;
				SWIFT_OPTIMIZATION_LEVEL = "-Onone";
				SWIFT_VERSION = 3.0;
				TARGETED_DEVICE_FAMILY = "1,2";
				VERSIONING_SYSTEM = "apple-generic";
				VERSION_INFO_PREFIX = "";
			};
			name = Debug;
		};
		3549BB0C1DA387DB00C63030 /* Release */ = {
			isa = XCBuildConfiguration;
			baseConfigurationReference = 35CD64EC1E60192300AF060B /* Release.xcconfig */;
			buildSettings = {
				ALWAYS_SEARCH_USER_PATHS = NO;
				CLANG_ANALYZER_NONNULL = YES;
				CLANG_CXX_LANGUAGE_STANDARD = "gnu++0x";
				CLANG_CXX_LIBRARY = "libc++";
				CLANG_ENABLE_MODULES = YES;
				CLANG_ENABLE_OBJC_ARC = YES;
				CLANG_WARN_BLOCK_CAPTURE_AUTORELEASING = YES;
				CLANG_WARN_BOOL_CONVERSION = YES;
				CLANG_WARN_COMMA = YES;
				CLANG_WARN_CONSTANT_CONVERSION = YES;
				CLANG_WARN_DIRECT_OBJC_ISA_USAGE = YES_ERROR;
				CLANG_WARN_DOCUMENTATION_COMMENTS = YES;
				CLANG_WARN_EMPTY_BODY = YES;
				CLANG_WARN_ENUM_CONVERSION = YES;
				CLANG_WARN_INFINITE_RECURSION = YES;
				CLANG_WARN_INT_CONVERSION = YES;
				CLANG_WARN_NON_LITERAL_NULL_CONVERSION = YES;
				CLANG_WARN_OBJC_LITERAL_CONVERSION = YES;
				CLANG_WARN_OBJC_ROOT_CLASS = YES_ERROR;
				CLANG_WARN_RANGE_LOOP_ANALYSIS = YES;
				CLANG_WARN_STRICT_PROTOTYPES = YES;
				CLANG_WARN_SUSPICIOUS_MOVE = YES;
				CLANG_WARN_SUSPICIOUS_MOVES = YES;
				CLANG_WARN_UNREACHABLE_CODE = YES;
				CLANG_WARN__DUPLICATE_METHOD_MATCH = YES;
				"CODE_SIGN_IDENTITY[sdk=iphoneos*]" = "iPhone Developer";
				COPY_PHASE_STRIP = NO;
				CURRENT_PROJECT_VERSION = 1;
				DEBUG_INFORMATION_FORMAT = "dwarf-with-dsym";
				ENABLE_NS_ASSERTIONS = NO;
				ENABLE_STRICT_OBJC_MSGSEND = YES;
				GCC_C_LANGUAGE_STANDARD = gnu99;
				GCC_NO_COMMON_BLOCKS = YES;
				GCC_WARN_64_TO_32_BIT_CONVERSION = YES;
				GCC_WARN_ABOUT_RETURN_TYPE = YES_ERROR;
				GCC_WARN_UNDECLARED_SELECTOR = YES;
				GCC_WARN_UNINITIALIZED_AUTOS = YES_AGGRESSIVE;
				GCC_WARN_UNUSED_FUNCTION = YES;
				GCC_WARN_UNUSED_VARIABLE = YES;
				IPHONEOS_DEPLOYMENT_TARGET = 8.0;
				MTL_ENABLE_DEBUG_INFO = NO;
				SDKROOT = iphoneos;
				SWIFT_OPTIMIZATION_LEVEL = "-Owholemodule";
				SWIFT_VERSION = 3.0;
				TARGETED_DEVICE_FAMILY = "1,2";
				VALIDATE_PRODUCT = YES;
				VERSIONING_SYSTEM = "apple-generic";
				VERSION_INFO_PREFIX = "";
			};
			name = Release;
		};
		3549BB271DA389CD00C63030 /* Debug */ = {
			isa = XCBuildConfiguration;
			baseConfigurationReference = 35CD65061E60192300AF060B /* iOS-Framework.xcconfig */;
			buildSettings = {
				CLANG_ENABLE_MODULES = YES;
				CODE_SIGN_IDENTITY = "";
				DEFINES_MODULE = YES;
				DYLIB_COMPATIBILITY_VERSION = 1;
				DYLIB_CURRENT_VERSION = 1;
				DYLIB_INSTALL_NAME_BASE = "@rpath";
				FRAMEWORK_SEARCH_PATHS = (
					"$(inherited)",
					"$(PROJECT_DIR)/Carthage/Checkouts/xcconfigs/Carthage/Build/iOS",
					"$(PROJECT_DIR)/Carthage/Checkouts/xcconfigs/Carthage/Build/Mac",
					"$(PROJECT_DIR)/Carthage/Checkouts/xcconfigs/Carthage/Build/tvOS",
				);
				INFOPLIST_FILE = "$(SRCROOT)/Sources/Supporting Files/Info.plist";
				INSTALL_PATH = "$(LOCAL_LIBRARY_DIR)/Frameworks";
				LD_RUNPATH_SEARCH_PATHS = "$(inherited) @executable_path/Frameworks @loader_path/Frameworks";
				PRODUCT_BUNDLE_IDENTIFIER = de.imagineon.ViewConfigurator;
				PRODUCT_NAME = ViewConfigurator;
				SKIP_INSTALL = YES;
				SWIFT_OPTIMIZATION_LEVEL = "-Onone";
				SWIFT_VERSION = 4.0;
			};
			name = Debug;
		};
		3549BB281DA389CD00C63030 /* Release */ = {
			isa = XCBuildConfiguration;
			baseConfigurationReference = 35CD65061E60192300AF060B /* iOS-Framework.xcconfig */;
			buildSettings = {
				CLANG_ENABLE_MODULES = YES;
				CODE_SIGN_IDENTITY = "";
				DEFINES_MODULE = YES;
				DYLIB_COMPATIBILITY_VERSION = 1;
				DYLIB_CURRENT_VERSION = 1;
				DYLIB_INSTALL_NAME_BASE = "@rpath";
				FRAMEWORK_SEARCH_PATHS = (
					"$(inherited)",
					"$(PROJECT_DIR)/Carthage/Checkouts/xcconfigs/Carthage/Build/iOS",
					"$(PROJECT_DIR)/Carthage/Checkouts/xcconfigs/Carthage/Build/Mac",
					"$(PROJECT_DIR)/Carthage/Checkouts/xcconfigs/Carthage/Build/tvOS",
				);
				INFOPLIST_FILE = "$(SRCROOT)/Sources/Supporting Files/Info.plist";
				INSTALL_PATH = "$(LOCAL_LIBRARY_DIR)/Frameworks";
				LD_RUNPATH_SEARCH_PATHS = "$(inherited) @executable_path/Frameworks @loader_path/Frameworks";
				PRODUCT_BUNDLE_IDENTIFIER = de.imagineon.ViewConfigurator;
				PRODUCT_NAME = ViewConfigurator;
				SKIP_INSTALL = YES;
				SWIFT_VERSION = 4.0;
			};
			name = Release;
		};
		3549BB6A1DA38ADB00C63030 /* Debug */ = {
			isa = XCBuildConfiguration;
			baseConfigurationReference = 35CD65041E60192300AF060B /* iOS-Application.xcconfig */;
			buildSettings = {
				ALWAYS_EMBED_SWIFT_STANDARD_LIBRARIES = YES;
				CLANG_ENABLE_MODULES = YES;
				FRAMEWORK_SEARCH_PATHS = (
					"$(inherited)",
					"$(PROJECT_DIR)/Carthage/Build/iOS",
				);
				INFOPLIST_FILE = Tests/Info.plist;
				LD_RUNPATH_SEARCH_PATHS = "$(inherited) @executable_path/Frameworks @loader_path/Frameworks";
				PRODUCT_BUNDLE_IDENTIFIER = de.imagineon.ViewConfigurator.ConfiguratorTests;
				PRODUCT_NAME = "$(TARGET_NAME)";
				SWIFT_OPTIMIZATION_LEVEL = "-Onone";
				SWIFT_VERSION = 4.0;
			};
			name = Debug;
		};
		3549BB6B1DA38ADB00C63030 /* Release */ = {
			isa = XCBuildConfiguration;
			baseConfigurationReference = 35CD65041E60192300AF060B /* iOS-Application.xcconfig */;
			buildSettings = {
				ALWAYS_EMBED_SWIFT_STANDARD_LIBRARIES = YES;
				CLANG_ENABLE_MODULES = YES;
				FRAMEWORK_SEARCH_PATHS = (
					"$(inherited)",
					"$(PROJECT_DIR)/Carthage/Build/iOS",
				);
				INFOPLIST_FILE = Tests/Info.plist;
				LD_RUNPATH_SEARCH_PATHS = "$(inherited) @executable_path/Frameworks @loader_path/Frameworks";
				PRODUCT_BUNDLE_IDENTIFIER = de.imagineon.ViewConfigurator.ConfiguratorTests;
				PRODUCT_NAME = "$(TARGET_NAME)";
				SWIFT_VERSION = 4.0;
			};
			name = Release;
		};
/* End XCBuildConfiguration section */

/* Begin XCConfigurationList section */
		3549BAFF1DA387DB00C63030 /* Build configuration list for PBXProject "ViewConfigurator" */ = {
			isa = XCConfigurationList;
			buildConfigurations = (
				3549BB0B1DA387DB00C63030 /* Debug */,
				3549BB0C1DA387DB00C63030 /* Release */,
			);
			defaultConfigurationIsVisible = 0;
			defaultConfigurationName = Release;
		};
		3549BB261DA389CD00C63030 /* Build configuration list for PBXNativeTarget "ViewConfigurator-iOS" */ = {
			isa = XCConfigurationList;
			buildConfigurations = (
				3549BB271DA389CD00C63030 /* Debug */,
				3549BB281DA389CD00C63030 /* Release */,
			);
			defaultConfigurationIsVisible = 0;
			defaultConfigurationName = Release;
		};
		3549BB691DA38ADB00C63030 /* Build configuration list for PBXNativeTarget "ViewConfiguratorTests-iOS" */ = {
			isa = XCConfigurationList;
			buildConfigurations = (
				3549BB6A1DA38ADB00C63030 /* Debug */,
				3549BB6B1DA38ADB00C63030 /* Release */,
			);
			defaultConfigurationIsVisible = 0;
			defaultConfigurationName = Release;
		};
/* End XCConfigurationList section */
	};
	rootObject = 3549BAFC1DA387DB00C63030 /* Project object */;
}
